
Microsoft Visual Studio Solution File, Format Version 11.00
# Visual Studio 2010
Project("{FAE04EC0-301F-11D3-BF4B-00C04F79EFBC}") = "phiNdus.fundus.Core.Web", "src\phiNdus.fundus.Core.Web\phiNdus.fundus.Core.Web.csproj", "{08F0E680-EAD6-4698-90C4-111C16620424}"
EndProject
Project("{FAE04EC0-301F-11D3-BF4B-00C04F79EFBC}") = "phiNdus.fundus.Core.Business", "src\phiNdus.fundus.Core.Business\phiNdus.fundus.Core.Business.csproj", "{97AA64DB-12BF-4AF3-B732-97DE1A9919B1}"
EndProject
Project("{FAE04EC0-301F-11D3-BF4B-00C04F79EFBC}") = "phiNdus.fundus.Core.Domain", "src\phiNdus.fundus.Core.Domain\phiNdus.fundus.Core.Domain.csproj", "{00B767FE-A820-43B2-A494-B70732B09CF8}"
EndProject
Project("{FAE04EC0-301F-11D3-BF4B-00C04F79EFBC}") = "phiNdus.fundus.Core.Environment", "src\phiNdus.fundus.Core.Environment\phiNdus.fundus.Core.Environment.csproj", "{F835AF8D-7DAD-4CAA-9889-7C9EC89EA84C}"
EndProject
Project("{2150E333-8FDC-42A3-9474-1A3956D46DE8}") = "01 Presentation", "01 Presentation", "{D1924B2C-E00A-4D8C-90C2-DC9E1623F952}"
EndProject
Project("{2150E333-8FDC-42A3-9474-1A3956D46DE8}") = "02 Application", "02 Application", "{05589C1D-B660-4370-8B94-255E90B68A03}"
EndProject
Project("{2150E333-8FDC-42A3-9474-1A3956D46DE8}") = "03 Domain", "03 Domain", "{09182C88-14FE-4BDB-8E24-A99AEE792D8A}"
EndProject
Project("{2150E333-8FDC-42A3-9474-1A3956D46DE8}") = "04 Infrastructure", "04 Infrastructure", "{F39A044C-3EDF-421F-9507-D0703AC27908}"
EndProject
Project("{FAE04EC0-301F-11D3-BF4B-00C04F79EFBC}") = "phiNdus.fundus.Core.Business.UnitTests", "src\phiNdus.fundus.Core.Business.UnitTests\phiNdus.fundus.Core.Business.UnitTests.csproj", "{C3A49666-132D-497C-A135-E4C2E87FA01B}"
EndProject
Project("{FAE04EC0-301F-11D3-BF4B-00C04F79EFBC}") = "phiNdus.fundus.Core.Web.UnitTests", "src\phiNdus.fundus.Core.Web.UnitTests\phiNdus.fundus.Core.Web.UnitTests.csproj", "{3A958280-7EFB-4AC3-AD66-942EC83018EB}"
EndProject
Project("{FAE04EC0-301F-11D3-BF4B-00C04F79EFBC}") = "phiNdus.fundus.Core.Domain.UnitTests", "src\phiNdus.fundus.Core.Domain.UnitTests\phiNdus.fundus.Core.Domain.UnitTests.csproj", "{43DB8619-4C9E-4806-AE5A-CA63E0301BF5}"
EndProject
Project("{FAE04EC0-301F-11D3-BF4B-00C04F79EFBC}") = "phiNdus.fundus.Core.Environment.UnitTests", "src\phiNdus.fundus.Core.Environment.UnitTests\phiNdus.fundus.Core.Environment.UnitTests.csproj", "{8E33A5D8-E194-4CAA-8992-6E36C0425A7C}"
EndProject
Project("{FAE04EC0-301F-11D3-BF4B-00C04F79EFBC}") = "phiNdus.fundus.Core.Domain.IntegrationTests", "src\phiNdus.fundus.Core.Domain.IntegrationTests\phiNdus.fundus.Core.Domain.IntegrationTests.csproj", "{4DFF5DDE-A0FD-48F9-AF63-241A34E26BF1}"
EndProject
Project("{FAE04EC0-301F-11D3-BF4B-00C04F79EFBC}") = "phiNdus.fundus.Core.Business.IntegrationTests", "src\phiNdus.fundus.Core.Business.IntegrationTests\phiNdus.fundus.Core.Business.IntegrationTests.csproj", "{58C99E38-EB57-4190-9CF1-01CE75A1B738}"
EndProject
Project("{2150E333-8FDC-42A3-9474-1A3956D46DE8}") = "11 Tools", "11 Tools", "{D9245908-A0DF-49AA-BE89-157D4AD3BFAF}"
EndProject
Project("{FAE04EC0-301F-11D3-BF4B-00C04F79EFBC}") = "phiNdus.fundus.Core.CliTools", "src\phiNdus.fundus.Core.CliTools\phiNdus.fundus.Core.CliTools.csproj", "{80CB9A46-90B0-4269-B2C8-3D9E11287D99}"
EndProject
Project("{2150E333-8FDC-42A3-9474-1A3956D46DE8}") = "21 SmokeTests", "21 SmokeTests", "{ADC4BA07-1C4C-4F79-81A2-438B981B1A96}"
EndProject
Project("{FAE04EC0-301F-11D3-BF4B-00C04F79EFBC}") = "phiNdus.fundus.SmokeTests", "tests\phiNdus.fundus.SmokeTests\phiNdus.fundus.SmokeTests.csproj", "{74FC8DD9-C1AF-4754-ACDA-61328C2318CD}"
EndProject
Project("{2150E333-8FDC-42A3-9474-1A3956D46DE8}") = "22 AcceptanceTests", "22 AcceptanceTests", "{EB9F030F-5BAB-4B43-8162-8E779D47DE5E}"
EndProject
Project("{FAE04EC0-301F-11D3-BF4B-00C04F79EFBC}") = "phiNdus.fundus.AcceptanceTests", "tests\phiNdus.fundus.AcceptanceTests\phiNdus.fundus.AcceptanceTests.csproj", "{CC210F8D-0149-4103-9E0E-59029C0D2BD4}"
EndProject
Project("{2150E333-8FDC-42A3-9474-1A3956D46DE8}") = "20 TestHelpers", "20 TestHelpers", "{F36F9C43-9354-4341-8239-CF05CEBDC98C}"
EndProject
Project("{FAE04EC0-301F-11D3-BF4B-00C04F79EFBC}") = "phiNdus.fundus.TestHelpers", "tests\phiNdus.fundus.TestHelpers\phiNdus.fundus.TestHelpers.csproj", "{752C7B51-7C57-460D-BC8C-0902A0E880E6}"
EndProject
Global
	GlobalSection(SolutionConfigurationPlatforms) = preSolution
		Debug|Any CPU = Debug|Any CPU
		Debug|Mixed Platforms = Debug|Mixed Platforms
		Debug|x86 = Debug|x86
		Release|Any CPU = Release|Any CPU
		Release|Mixed Platforms = Release|Mixed Platforms
		Release|x86 = Release|x86
	EndGlobalSection
	GlobalSection(ProjectConfigurationPlatforms) = postSolution
		{08F0E680-EAD6-4698-90C4-111C16620424}.Debug|Any CPU.ActiveCfg = Debug|Any CPU
		{08F0E680-EAD6-4698-90C4-111C16620424}.Debug|Any CPU.Build.0 = Debug|Any CPU
		{08F0E680-EAD6-4698-90C4-111C16620424}.Debug|Mixed Platforms.ActiveCfg = Debug|Any CPU
		{08F0E680-EAD6-4698-90C4-111C16620424}.Debug|Mixed Platforms.Build.0 = Debug|Any CPU
		{08F0E680-EAD6-4698-90C4-111C16620424}.Debug|x86.ActiveCfg = Debug|Any CPU
		{08F0E680-EAD6-4698-90C4-111C16620424}.Release|Any CPU.ActiveCfg = Release|Any CPU
		{08F0E680-EAD6-4698-90C4-111C16620424}.Release|Any CPU.Build.0 = Release|Any CPU
		{08F0E680-EAD6-4698-90C4-111C16620424}.Release|Mixed Platforms.ActiveCfg = Release|Any CPU
		{08F0E680-EAD6-4698-90C4-111C16620424}.Release|Mixed Platforms.Build.0 = Release|Any CPU
		{08F0E680-EAD6-4698-90C4-111C16620424}.Release|x86.ActiveCfg = Release|Any CPU
		{97AA64DB-12BF-4AF3-B732-97DE1A9919B1}.Debug|Any CPU.ActiveCfg = Debug|Any CPU
		{97AA64DB-12BF-4AF3-B732-97DE1A9919B1}.Debug|Any CPU.Build.0 = Debug|Any CPU
		{97AA64DB-12BF-4AF3-B732-97DE1A9919B1}.Debug|Mixed Platforms.ActiveCfg = Debug|Any CPU
		{97AA64DB-12BF-4AF3-B732-97DE1A9919B1}.Debug|Mixed Platforms.Build.0 = Debug|Any CPU
		{97AA64DB-12BF-4AF3-B732-97DE1A9919B1}.Debug|x86.ActiveCfg = Debug|Any CPU
		{97AA64DB-12BF-4AF3-B732-97DE1A9919B1}.Release|Any CPU.ActiveCfg = Release|Any CPU
		{97AA64DB-12BF-4AF3-B732-97DE1A9919B1}.Release|Any CPU.Build.0 = Release|Any CPU
		{97AA64DB-12BF-4AF3-B732-97DE1A9919B1}.Release|Mixed Platforms.ActiveCfg = Release|Any CPU
		{97AA64DB-12BF-4AF3-B732-97DE1A9919B1}.Release|Mixed Platforms.Build.0 = Release|Any CPU
		{97AA64DB-12BF-4AF3-B732-97DE1A9919B1}.Release|x86.ActiveCfg = Release|Any CPU
		{00B767FE-A820-43B2-A494-B70732B09CF8}.Debug|Any CPU.ActiveCfg = Debug|Any CPU
		{00B767FE-A820-43B2-A494-B70732B09CF8}.Debug|Any CPU.Build.0 = Debug|Any CPU
		{00B767FE-A820-43B2-A494-B70732B09CF8}.Debug|Mixed Platforms.ActiveCfg = Debug|Any CPU
		{00B767FE-A820-43B2-A494-B70732B09CF8}.Debug|Mixed Platforms.Build.0 = Debug|Any CPU
		{00B767FE-A820-43B2-A494-B70732B09CF8}.Debug|x86.ActiveCfg = Debug|Any CPU
		{00B767FE-A820-43B2-A494-B70732B09CF8}.Release|Any CPU.ActiveCfg = Release|Any CPU
		{00B767FE-A820-43B2-A494-B70732B09CF8}.Release|Any CPU.Build.0 = Release|Any CPU
		{00B767FE-A820-43B2-A494-B70732B09CF8}.Release|Mixed Platforms.ActiveCfg = Release|Any CPU
		{00B767FE-A820-43B2-A494-B70732B09CF8}.Release|Mixed Platforms.Build.0 = Release|Any CPU
		{00B767FE-A820-43B2-A494-B70732B09CF8}.Release|x86.ActiveCfg = Release|Any CPU
		{F835AF8D-7DAD-4CAA-9889-7C9EC89EA84C}.Debug|Any CPU.ActiveCfg = Debug|Any CPU
		{F835AF8D-7DAD-4CAA-9889-7C9EC89EA84C}.Debug|Any CPU.Build.0 = Debug|Any CPU
		{F835AF8D-7DAD-4CAA-9889-7C9EC89EA84C}.Debug|Mixed Platforms.ActiveCfg = Debug|Any CPU
		{F835AF8D-7DAD-4CAA-9889-7C9EC89EA84C}.Debug|Mixed Platforms.Build.0 = Debug|Any CPU
		{F835AF8D-7DAD-4CAA-9889-7C9EC89EA84C}.Debug|x86.ActiveCfg = Debug|Any CPU
		{F835AF8D-7DAD-4CAA-9889-7C9EC89EA84C}.Release|Any CPU.ActiveCfg = Release|Any CPU
		{F835AF8D-7DAD-4CAA-9889-7C9EC89EA84C}.Release|Any CPU.Build.0 = Release|Any CPU
		{F835AF8D-7DAD-4CAA-9889-7C9EC89EA84C}.Release|Mixed Platforms.ActiveCfg = Release|Any CPU
		{F835AF8D-7DAD-4CAA-9889-7C9EC89EA84C}.Release|Mixed Platforms.Build.0 = Release|Any CPU
		{F835AF8D-7DAD-4CAA-9889-7C9EC89EA84C}.Release|x86.ActiveCfg = Release|Any CPU
		{C3A49666-132D-497C-A135-E4C2E87FA01B}.Debug|Any CPU.ActiveCfg = Debug|Any CPU
		{C3A49666-132D-497C-A135-E4C2E87FA01B}.Debug|Any CPU.Build.0 = Debug|Any CPU
		{C3A49666-132D-497C-A135-E4C2E87FA01B}.Debug|Mixed Platforms.ActiveCfg = Debug|Any CPU
		{C3A49666-132D-497C-A135-E4C2E87FA01B}.Debug|Mixed Platforms.Build.0 = Debug|Any CPU
		{C3A49666-132D-497C-A135-E4C2E87FA01B}.Debug|x86.ActiveCfg = Debug|Any CPU
		{C3A49666-132D-497C-A135-E4C2E87FA01B}.Release|Any CPU.ActiveCfg = Release|Any CPU
		{C3A49666-132D-497C-A135-E4C2E87FA01B}.Release|Any CPU.Build.0 = Release|Any CPU
		{C3A49666-132D-497C-A135-E4C2E87FA01B}.Release|Mixed Platforms.ActiveCfg = Release|Any CPU
		{C3A49666-132D-497C-A135-E4C2E87FA01B}.Release|Mixed Platforms.Build.0 = Release|Any CPU
		{C3A49666-132D-497C-A135-E4C2E87FA01B}.Release|x86.ActiveCfg = Release|Any CPU
		{3A958280-7EFB-4AC3-AD66-942EC83018EB}.Debug|Any CPU.ActiveCfg = Debug|Any CPU
		{3A958280-7EFB-4AC3-AD66-942EC83018EB}.Debug|Any CPU.Build.0 = Debug|Any CPU
		{3A958280-7EFB-4AC3-AD66-942EC83018EB}.Debug|Mixed Platforms.ActiveCfg = Debug|Any CPU
		{3A958280-7EFB-4AC3-AD66-942EC83018EB}.Debug|Mixed Platforms.Build.0 = Debug|Any CPU
		{3A958280-7EFB-4AC3-AD66-942EC83018EB}.Debug|x86.ActiveCfg = Debug|Any CPU
		{3A958280-7EFB-4AC3-AD66-942EC83018EB}.Release|Any CPU.ActiveCfg = Release|Any CPU
		{3A958280-7EFB-4AC3-AD66-942EC83018EB}.Release|Any CPU.Build.0 = Release|Any CPU
		{3A958280-7EFB-4AC3-AD66-942EC83018EB}.Release|Mixed Platforms.ActiveCfg = Release|Any CPU
		{3A958280-7EFB-4AC3-AD66-942EC83018EB}.Release|Mixed Platforms.Build.0 = Release|Any CPU
		{3A958280-7EFB-4AC3-AD66-942EC83018EB}.Release|x86.ActiveCfg = Release|Any CPU
		{43DB8619-4C9E-4806-AE5A-CA63E0301BF5}.Debug|Any CPU.ActiveCfg = Debug|Any CPU
		{43DB8619-4C9E-4806-AE5A-CA63E0301BF5}.Debug|Any CPU.Build.0 = Debug|Any CPU
		{43DB8619-4C9E-4806-AE5A-CA63E0301BF5}.Debug|Mixed Platforms.ActiveCfg = Debug|Any CPU
		{43DB8619-4C9E-4806-AE5A-CA63E0301BF5}.Debug|Mixed Platforms.Build.0 = Debug|Any CPU
		{43DB8619-4C9E-4806-AE5A-CA63E0301BF5}.Debug|x86.ActiveCfg = Debug|Any CPU
		{43DB8619-4C9E-4806-AE5A-CA63E0301BF5}.Release|Any CPU.ActiveCfg = Release|Any CPU
		{43DB8619-4C9E-4806-AE5A-CA63E0301BF5}.Release|Any CPU.Build.0 = Release|Any CPU
		{43DB8619-4C9E-4806-AE5A-CA63E0301BF5}.Release|Mixed Platforms.ActiveCfg = Release|Any CPU
		{43DB8619-4C9E-4806-AE5A-CA63E0301BF5}.Release|Mixed Platforms.Build.0 = Release|Any CPU
		{43DB8619-4C9E-4806-AE5A-CA63E0301BF5}.Release|x86.ActiveCfg = Release|Any CPU
		{8E33A5D8-E194-4CAA-8992-6E36C0425A7C}.Debug|Any CPU.ActiveCfg = Debug|Any CPU
		{8E33A5D8-E194-4CAA-8992-6E36C0425A7C}.Debug|Any CPU.Build.0 = Debug|Any CPU
		{8E33A5D8-E194-4CAA-8992-6E36C0425A7C}.Debug|Mixed Platforms.ActiveCfg = Debug|Any CPU
		{8E33A5D8-E194-4CAA-8992-6E36C0425A7C}.Debug|Mixed Platforms.Build.0 = Debug|Any CPU
		{8E33A5D8-E194-4CAA-8992-6E36C0425A7C}.Debug|x86.ActiveCfg = Debug|Any CPU
		{8E33A5D8-E194-4CAA-8992-6E36C0425A7C}.Release|Any CPU.ActiveCfg = Release|Any CPU
		{8E33A5D8-E194-4CAA-8992-6E36C0425A7C}.Release|Any CPU.Build.0 = Release|Any CPU
		{8E33A5D8-E194-4CAA-8992-6E36C0425A7C}.Release|Mixed Platforms.ActiveCfg = Release|Any CPU
		{8E33A5D8-E194-4CAA-8992-6E36C0425A7C}.Release|Mixed Platforms.Build.0 = Release|Any CPU
		{8E33A5D8-E194-4CAA-8992-6E36C0425A7C}.Release|x86.ActiveCfg = Release|Any CPU
		{4DFF5DDE-A0FD-48F9-AF63-241A34E26BF1}.Debug|Any CPU.ActiveCfg = Debug|Any CPU
		{4DFF5DDE-A0FD-48F9-AF63-241A34E26BF1}.Debug|Any CPU.Build.0 = Debug|Any CPU
		{4DFF5DDE-A0FD-48F9-AF63-241A34E26BF1}.Debug|Mixed Platforms.ActiveCfg = Debug|Any CPU
		{4DFF5DDE-A0FD-48F9-AF63-241A34E26BF1}.Debug|Mixed Platforms.Build.0 = Debug|Any CPU
		{4DFF5DDE-A0FD-48F9-AF63-241A34E26BF1}.Debug|x86.ActiveCfg = Debug|Any CPU
		{4DFF5DDE-A0FD-48F9-AF63-241A34E26BF1}.Release|Any CPU.ActiveCfg = Release|Any CPU
		{4DFF5DDE-A0FD-48F9-AF63-241A34E26BF1}.Release|Any CPU.Build.0 = Release|Any CPU
		{4DFF5DDE-A0FD-48F9-AF63-241A34E26BF1}.Release|Mixed Platforms.ActiveCfg = Release|Any CPU
		{4DFF5DDE-A0FD-48F9-AF63-241A34E26BF1}.Release|Mixed Platforms.Build.0 = Release|Any CPU
		{4DFF5DDE-A0FD-48F9-AF63-241A34E26BF1}.Release|x86.ActiveCfg = Release|Any CPU
		{58C99E38-EB57-4190-9CF1-01CE75A1B738}.Debug|Any CPU.ActiveCfg = Debug|Any CPU
		{58C99E38-EB57-4190-9CF1-01CE75A1B738}.Debug|Any CPU.Build.0 = Debug|Any CPU
		{58C99E38-EB57-4190-9CF1-01CE75A1B738}.Debug|Mixed Platforms.ActiveCfg = Debug|Any CPU
		{58C99E38-EB57-4190-9CF1-01CE75A1B738}.Debug|Mixed Platforms.Build.0 = Debug|Any CPU
		{58C99E38-EB57-4190-9CF1-01CE75A1B738}.Debug|x86.ActiveCfg = Debug|Any CPU
		{58C99E38-EB57-4190-9CF1-01CE75A1B738}.Release|Any CPU.ActiveCfg = Release|Any CPU
		{58C99E38-EB57-4190-9CF1-01CE75A1B738}.Release|Any CPU.Build.0 = Release|Any CPU
		{58C99E38-EB57-4190-9CF1-01CE75A1B738}.Release|Mixed Platforms.ActiveCfg = Release|Any CPU
		{58C99E38-EB57-4190-9CF1-01CE75A1B738}.Release|Mixed Platforms.Build.0 = Release|Any CPU
		{58C99E38-EB57-4190-9CF1-01CE75A1B738}.Release|x86.ActiveCfg = Release|Any CPU
		{80CB9A46-90B0-4269-B2C8-3D9E11287D99}.Debug|Any CPU.ActiveCfg = Debug|x86
		{80CB9A46-90B0-4269-B2C8-3D9E11287D99}.Debug|Mixed Platforms.ActiveCfg = Debug|x86
		{80CB9A46-90B0-4269-B2C8-3D9E11287D99}.Debug|Mixed Platforms.Build.0 = Debug|x86
		{80CB9A46-90B0-4269-B2C8-3D9E11287D99}.Debug|x86.ActiveCfg = Debug|x86
		{80CB9A46-90B0-4269-B2C8-3D9E11287D99}.Debug|x86.Build.0 = Debug|x86
		{80CB9A46-90B0-4269-B2C8-3D9E11287D99}.Release|Any CPU.ActiveCfg = Release|x86
		{80CB9A46-90B0-4269-B2C8-3D9E11287D99}.Release|Mixed Platforms.ActiveCfg = Release|x86
		{80CB9A46-90B0-4269-B2C8-3D9E11287D99}.Release|Mixed Platforms.Build.0 = Release|x86
		{80CB9A46-90B0-4269-B2C8-3D9E11287D99}.Release|x86.ActiveCfg = Release|x86
		{80CB9A46-90B0-4269-B2C8-3D9E11287D99}.Release|x86.Build.0 = Release|x86
		{74FC8DD9-C1AF-4754-ACDA-61328C2318CD}.Debug|Any CPU.ActiveCfg = Debug|Any CPU
		{74FC8DD9-C1AF-4754-ACDA-61328C2318CD}.Debug|Any CPU.Build.0 = Debug|Any CPU
		{74FC8DD9-C1AF-4754-ACDA-61328C2318CD}.Debug|Mixed Platforms.ActiveCfg = Debug|Any CPU
		{74FC8DD9-C1AF-4754-ACDA-61328C2318CD}.Debug|Mixed Platforms.Build.0 = Debug|Any CPU
		{74FC8DD9-C1AF-4754-ACDA-61328C2318CD}.Debug|x86.ActiveCfg = Debug|Any CPU
		{74FC8DD9-C1AF-4754-ACDA-61328C2318CD}.Release|Any CPU.ActiveCfg = Release|Any CPU
		{74FC8DD9-C1AF-4754-ACDA-61328C2318CD}.Release|Any CPU.Build.0 = Release|Any CPU
		{74FC8DD9-C1AF-4754-ACDA-61328C2318CD}.Release|Mixed Platforms.ActiveCfg = Release|Any CPU
		{74FC8DD9-C1AF-4754-ACDA-61328C2318CD}.Release|Mixed Platforms.Build.0 = Release|Any CPU
		{74FC8DD9-C1AF-4754-ACDA-61328C2318CD}.Release|x86.ActiveCfg = Release|Any CPU
		{CC210F8D-0149-4103-9E0E-59029C0D2BD4}.Debug|Any CPU.ActiveCfg = Debug|Any CPU
		{CC210F8D-0149-4103-9E0E-59029C0D2BD4}.Debug|Any CPU.Build.0 = Debug|Any CPU
		{CC210F8D-0149-4103-9E0E-59029C0D2BD4}.Debug|Mixed Platforms.ActiveCfg = Debug|Any CPU
		{CC210F8D-0149-4103-9E0E-59029C0D2BD4}.Debug|Mixed Platforms.Build.0 = Debug|Any CPU
		{CC210F8D-0149-4103-9E0E-59029C0D2BD4}.Debug|x86.ActiveCfg = Debug|Any CPU
		{CC210F8D-0149-4103-9E0E-59029C0D2BD4}.Release|Any CPU.ActiveCfg = Release|Any CPU
		{CC210F8D-0149-4103-9E0E-59029C0D2BD4}.Release|Any CPU.Build.0 = Release|Any CPU
		{CC210F8D-0149-4103-9E0E-59029C0D2BD4}.Release|Mixed Platforms.ActiveCfg = Release|Any CPU
		{CC210F8D-0149-4103-9E0E-59029C0D2BD4}.Release|Mixed Platforms.Build.0 = Release|Any CPU
		{CC210F8D-0149-4103-9E0E-59029C0D2BD4}.Release|x86.ActiveCfg = Release|Any CPU
		{752C7B51-7C57-460D-BC8C-0902A0E880E6}.Debug|Any CPU.ActiveCfg = Debug|Any CPU
		{752C7B51-7C57-460D-BC8C-0902A0E880E6}.Debug|Any CPU.Build.0 = Debug|Any CPU
		{752C7B51-7C57-460D-BC8C-0902A0E880E6}.Debug|Mixed Platforms.ActiveCfg = Debug|Any CPU
		{752C7B51-7C57-460D-BC8C-0902A0E880E6}.Debug|Mixed Platforms.Build.0 = Debug|Any CPU
		{752C7B51-7C57-460D-BC8C-0902A0E880E6}.Debug|x86.ActiveCfg = Debug|Any CPU
		{752C7B51-7C57-460D-BC8C-0902A0E880E6}.Release|Any CPU.ActiveCfg = Release|Any CPU
		{752C7B51-7C57-460D-BC8C-0902A0E880E6}.Release|Any CPU.Build.0 = Release|Any CPU
		{752C7B51-7C57-460D-BC8C-0902A0E880E6}.Release|Mixed Platforms.ActiveCfg = Release|Any CPU
		{752C7B51-7C57-460D-BC8C-0902A0E880E6}.Release|Mixed Platforms.Build.0 = Release|Any CPU
		{752C7B51-7C57-460D-BC8C-0902A0E880E6}.Release|x86.ActiveCfg = Release|Any CPU
	EndGlobalSection
	GlobalSection(SolutionProperties) = preSolution
		HideSolutionNode = FALSE
	EndGlobalSection
	GlobalSection(NestedProjects) = preSolution
		{08F0E680-EAD6-4698-90C4-111C16620424} = {D1924B2C-E00A-4D8C-90C2-DC9E1623F952}
		{3A958280-7EFB-4AC3-AD66-942EC83018EB} = {D1924B2C-E00A-4D8C-90C2-DC9E1623F952}
		{97AA64DB-12BF-4AF3-B732-97DE1A9919B1} = {05589C1D-B660-4370-8B94-255E90B68A03}
		{C3A49666-132D-497C-A135-E4C2E87FA01B} = {05589C1D-B660-4370-8B94-255E90B68A03}
		{58C99E38-EB57-4190-9CF1-01CE75A1B738} = {05589C1D-B660-4370-8B94-255E90B68A03}
		{00B767FE-A820-43B2-A494-B70732B09CF8} = {09182C88-14FE-4BDB-8E24-A99AEE792D8A}
		{43DB8619-4C9E-4806-AE5A-CA63E0301BF5} = {09182C88-14FE-4BDB-8E24-A99AEE792D8A}
		{4DFF5DDE-A0FD-48F9-AF63-241A34E26BF1} = {09182C88-14FE-4BDB-8E24-A99AEE792D8A}
		{F835AF8D-7DAD-4CAA-9889-7C9EC89EA84C} = {F39A044C-3EDF-421F-9507-D0703AC27908}
		{8E33A5D8-E194-4CAA-8992-6E36C0425A7C} = {F39A044C-3EDF-421F-9507-D0703AC27908}
		{80CB9A46-90B0-4269-B2C8-3D9E11287D99} = {D9245908-A0DF-49AA-BE89-157D4AD3BFAF}
		{74FC8DD9-C1AF-4754-ACDA-61328C2318CD} = {ADC4BA07-1C4C-4F79-81A2-438B981B1A96}
		{CC210F8D-0149-4103-9E0E-59029C0D2BD4} = {EB9F030F-5BAB-4B43-8162-8E779D47DE5E}
		{752C7B51-7C57-460D-BC8C-0902A0E880E6} = {F36F9C43-9354-4341-8239-CF05CEBDC98C}
	EndGlobalSection
EndGlobal
