
Microsoft Visual Studio Solution File, Format Version 12.00
# Visual Studio 2013
VisualStudioVersion = 12.0.21005.1
MinimumVisualStudioVersion = 10.0.40219.1
Project("{2150E333-8FDC-42A3-9474-1A3956D46DE8}") = ".nuget", ".nuget", "{9C4BD9AA-4838-47EA-876C-5FAF285C0801}"
	ProjectSection(SolutionItems) = preProject
		.nuget\packages.config = .nuget\packages.config
	EndProjectSection
EndProject
Project("{FAE04EC0-301F-11D3-BF4B-00C04F79EFBC}") = "Phundus.Web", "src\phiNdus.fundus.Web\Phundus.Web.csproj", "{08F0E680-EAD6-4698-90C4-111C16620424}"
EndProject
Project("{FAE04EC0-301F-11D3-BF4B-00C04F79EFBC}") = "Phundus.Specs", "specs\Phundus.Specs\Phundus.Specs.csproj", "{F9E6C7B9-2B94-4B34-A212-AE096C4CF4C2}"
EndProject
Project("{FAE04EC0-301F-11D3-BF4B-00C04F79EFBC}") = "Phundus.Core", "src\Phundus.Core\Phundus.Core.csproj", "{B4C597FF-EF4C-4F33-B2C8-172C1F3E9A56}"
EndProject
Project("{FAE04EC0-301F-11D3-BF4B-00C04F79EFBC}") = "Phundus.Core.Tests", "tests\Phundus.Core.Tests\Phundus.Core.Tests.csproj", "{4F4206CE-7B94-42B9-947F-C210C9F32F3A}"
EndProject
Project("{FAE04EC0-301F-11D3-BF4B-00C04F79EFBC}") = "Phundus.Core.Specs", "specs\Phundus.Core.Specs\Phundus.Core.Specs.csproj", "{66D6E700-BBC7-417B-AC78-1343BD0E267A}"
EndProject
Project("{FAE04EC0-301F-11D3-BF4B-00C04F79EFBC}") = "Phundus.Rest", "src\Phundus.Rest\Phundus.Rest.csproj", "{54A42682-059D-43B5-8028-60D1E4058371}"
EndProject
Project("{FAE04EC0-301F-11D3-BF4B-00C04F79EFBC}") = "Phundus.Common", "src\Phundus.Common\Phundus.Common.csproj", "{0BA282A6-FEA2-44A2-9748-1DE0E4E32018}"
EndProject
Project("{FAE04EC0-301F-11D3-BF4B-00C04F79EFBC}") = "Phundus.Common.Tests", "tests\Phundus.Common.Tests\Phundus.Common.Tests.csproj", "{EA63A3FD-6A3E-46CA-BA9D-1FDFD362C470}"
EndProject
Project("{FAE04EC0-301F-11D3-BF4B-00C04F79EFBC}") = "Phundus.Migrations", "src\Phundus.Migrations\Phundus.Migrations.csproj", "{A2A165BE-6433-4145-AA24-7552AC6A690F}"
EndProject
Project("{FAE04EC0-301F-11D3-BF4B-00C04F79EFBC}") = "Phundus.Web.Tests", "tests\Phundus.Web.Tests\Phundus.Web.Tests.csproj", "{93348BE8-EDA9-41AE-BF2D-4C561C8FC1B0}"
EndProject
Project("{FAE04EC0-301F-11D3-BF4B-00C04F79EFBC}") = "Phundus.Rest.Tests", "tests\Phundus.Rest.Tests\Phundus.Rest.Tests.csproj", "{4B705EC2-01E8-43AD-BEC7-7B23C6413B86}"
EndProject
Global
	GlobalSection(SolutionConfigurationPlatforms) = preSolution
		Debug|Any CPU = Debug|Any CPU
		Debug|Mixed Platforms = Debug|Mixed Platforms
		Debug|x86 = Debug|x86
		Release|Any CPU = Release|Any CPU
		Release|Mixed Platforms = Release|Mixed Platforms
		Release|x86 = Release|x86
	EndGlobalSection
	GlobalSection(ProjectConfigurationPlatforms) = postSolution
		{08F0E680-EAD6-4698-90C4-111C16620424}.Debug|Any CPU.ActiveCfg = Debug|Any CPU
		{08F0E680-EAD6-4698-90C4-111C16620424}.Debug|Any CPU.Build.0 = Debug|Any CPU
		{08F0E680-EAD6-4698-90C4-111C16620424}.Debug|Mixed Platforms.ActiveCfg = Debug|Any CPU
		{08F0E680-EAD6-4698-90C4-111C16620424}.Debug|Mixed Platforms.Build.0 = Debug|Any CPU
		{08F0E680-EAD6-4698-90C4-111C16620424}.Debug|x86.ActiveCfg = Debug|Any CPU
		{08F0E680-EAD6-4698-90C4-111C16620424}.Release|Any CPU.ActiveCfg = Release|Any CPU
		{08F0E680-EAD6-4698-90C4-111C16620424}.Release|Any CPU.Build.0 = Release|Any CPU
		{08F0E680-EAD6-4698-90C4-111C16620424}.Release|Mixed Platforms.ActiveCfg = Release|Any CPU
		{08F0E680-EAD6-4698-90C4-111C16620424}.Release|Mixed Platforms.Build.0 = Release|Any CPU
		{08F0E680-EAD6-4698-90C4-111C16620424}.Release|x86.ActiveCfg = Release|Any CPU
		{F9E6C7B9-2B94-4B34-A212-AE096C4CF4C2}.Debug|Any CPU.ActiveCfg = Debug|Any CPU
		{F9E6C7B9-2B94-4B34-A212-AE096C4CF4C2}.Debug|Any CPU.Build.0 = Debug|Any CPU
		{F9E6C7B9-2B94-4B34-A212-AE096C4CF4C2}.Debug|Mixed Platforms.ActiveCfg = Debug|Any CPU
		{F9E6C7B9-2B94-4B34-A212-AE096C4CF4C2}.Debug|Mixed Platforms.Build.0 = Debug|Any CPU
		{F9E6C7B9-2B94-4B34-A212-AE096C4CF4C2}.Debug|x86.ActiveCfg = Debug|Any CPU
		{F9E6C7B9-2B94-4B34-A212-AE096C4CF4C2}.Release|Any CPU.ActiveCfg = Release|Any CPU
		{F9E6C7B9-2B94-4B34-A212-AE096C4CF4C2}.Release|Mixed Platforms.ActiveCfg = Release|Any CPU
		{F9E6C7B9-2B94-4B34-A212-AE096C4CF4C2}.Release|Mixed Platforms.Build.0 = Release|Any CPU
		{F9E6C7B9-2B94-4B34-A212-AE096C4CF4C2}.Release|x86.ActiveCfg = Release|Any CPU
		{B4C597FF-EF4C-4F33-B2C8-172C1F3E9A56}.Debug|Any CPU.ActiveCfg = Debug|Any CPU
		{B4C597FF-EF4C-4F33-B2C8-172C1F3E9A56}.Debug|Any CPU.Build.0 = Debug|Any CPU
		{B4C597FF-EF4C-4F33-B2C8-172C1F3E9A56}.Debug|Mixed Platforms.ActiveCfg = Debug|Any CPU
		{B4C597FF-EF4C-4F33-B2C8-172C1F3E9A56}.Debug|Mixed Platforms.Build.0 = Debug|Any CPU
		{B4C597FF-EF4C-4F33-B2C8-172C1F3E9A56}.Debug|x86.ActiveCfg = Debug|Any CPU
		{B4C597FF-EF4C-4F33-B2C8-172C1F3E9A56}.Release|Any CPU.ActiveCfg = Release|Any CPU
		{B4C597FF-EF4C-4F33-B2C8-172C1F3E9A56}.Release|Any CPU.Build.0 = Release|Any CPU
		{B4C597FF-EF4C-4F33-B2C8-172C1F3E9A56}.Release|Mixed Platforms.ActiveCfg = Release|Any CPU
		{B4C597FF-EF4C-4F33-B2C8-172C1F3E9A56}.Release|Mixed Platforms.Build.0 = Release|Any CPU
		{B4C597FF-EF4C-4F33-B2C8-172C1F3E9A56}.Release|x86.ActiveCfg = Release|Any CPU
		{4F4206CE-7B94-42B9-947F-C210C9F32F3A}.Debug|Any CPU.ActiveCfg = Debug|Any CPU
		{4F4206CE-7B94-42B9-947F-C210C9F32F3A}.Debug|Any CPU.Build.0 = Debug|Any CPU
		{4F4206CE-7B94-42B9-947F-C210C9F32F3A}.Debug|Mixed Platforms.ActiveCfg = Debug|Any CPU
		{4F4206CE-7B94-42B9-947F-C210C9F32F3A}.Debug|Mixed Platforms.Build.0 = Debug|Any CPU
		{4F4206CE-7B94-42B9-947F-C210C9F32F3A}.Debug|x86.ActiveCfg = Debug|Any CPU
		{4F4206CE-7B94-42B9-947F-C210C9F32F3A}.Release|Any CPU.ActiveCfg = Release|Any CPU
		{4F4206CE-7B94-42B9-947F-C210C9F32F3A}.Release|Any CPU.Build.0 = Release|Any CPU
		{4F4206CE-7B94-42B9-947F-C210C9F32F3A}.Release|Mixed Platforms.ActiveCfg = Release|Any CPU
		{4F4206CE-7B94-42B9-947F-C210C9F32F3A}.Release|Mixed Platforms.Build.0 = Release|Any CPU
		{4F4206CE-7B94-42B9-947F-C210C9F32F3A}.Release|x86.ActiveCfg = Release|Any CPU
		{66D6E700-BBC7-417B-AC78-1343BD0E267A}.Debug|Any CPU.ActiveCfg = Debug|Any CPU
		{66D6E700-BBC7-417B-AC78-1343BD0E267A}.Debug|Any CPU.Build.0 = Debug|Any CPU
		{66D6E700-BBC7-417B-AC78-1343BD0E267A}.Debug|Mixed Platforms.ActiveCfg = Debug|Any CPU
		{66D6E700-BBC7-417B-AC78-1343BD0E267A}.Debug|Mixed Platforms.Build.0 = Debug|Any CPU
		{66D6E700-BBC7-417B-AC78-1343BD0E267A}.Debug|x86.ActiveCfg = Debug|Any CPU
		{66D6E700-BBC7-417B-AC78-1343BD0E267A}.Release|Any CPU.ActiveCfg = Release|Any CPU
		{66D6E700-BBC7-417B-AC78-1343BD0E267A}.Release|Any CPU.Build.0 = Release|Any CPU
		{66D6E700-BBC7-417B-AC78-1343BD0E267A}.Release|Mixed Platforms.ActiveCfg = Release|Any CPU
		{66D6E700-BBC7-417B-AC78-1343BD0E267A}.Release|Mixed Platforms.Build.0 = Release|Any CPU
		{66D6E700-BBC7-417B-AC78-1343BD0E267A}.Release|x86.ActiveCfg = Release|Any CPU
		{54A42682-059D-43B5-8028-60D1E4058371}.Debug|Any CPU.ActiveCfg = Debug|Any CPU
		{54A42682-059D-43B5-8028-60D1E4058371}.Debug|Any CPU.Build.0 = Debug|Any CPU
		{54A42682-059D-43B5-8028-60D1E4058371}.Debug|Mixed Platforms.ActiveCfg = Debug|Any CPU
		{54A42682-059D-43B5-8028-60D1E4058371}.Debug|Mixed Platforms.Build.0 = Debug|Any CPU
		{54A42682-059D-43B5-8028-60D1E4058371}.Debug|x86.ActiveCfg = Debug|Any CPU
		{54A42682-059D-43B5-8028-60D1E4058371}.Release|Any CPU.ActiveCfg = Release|Any CPU
		{54A42682-059D-43B5-8028-60D1E4058371}.Release|Any CPU.Build.0 = Release|Any CPU
		{54A42682-059D-43B5-8028-60D1E4058371}.Release|Mixed Platforms.ActiveCfg = Release|Any CPU
		{54A42682-059D-43B5-8028-60D1E4058371}.Release|Mixed Platforms.Build.0 = Release|Any CPU
		{54A42682-059D-43B5-8028-60D1E4058371}.Release|x86.ActiveCfg = Release|Any CPU
		{0BA282A6-FEA2-44A2-9748-1DE0E4E32018}.Debug|Any CPU.ActiveCfg = Debug|Any CPU
		{0BA282A6-FEA2-44A2-9748-1DE0E4E32018}.Debug|Any CPU.Build.0 = Debug|Any CPU
		{0BA282A6-FEA2-44A2-9748-1DE0E4E32018}.Debug|Mixed Platforms.ActiveCfg = Debug|Any CPU
		{0BA282A6-FEA2-44A2-9748-1DE0E4E32018}.Debug|Mixed Platforms.Build.0 = Debug|Any CPU
		{0BA282A6-FEA2-44A2-9748-1DE0E4E32018}.Debug|x86.ActiveCfg = Debug|Any CPU
		{0BA282A6-FEA2-44A2-9748-1DE0E4E32018}.Release|Any CPU.ActiveCfg = Release|Any CPU
		{0BA282A6-FEA2-44A2-9748-1DE0E4E32018}.Release|Any CPU.Build.0 = Release|Any CPU
		{0BA282A6-FEA2-44A2-9748-1DE0E4E32018}.Release|Mixed Platforms.ActiveCfg = Release|Any CPU
		{0BA282A6-FEA2-44A2-9748-1DE0E4E32018}.Release|Mixed Platforms.Build.0 = Release|Any CPU
		{0BA282A6-FEA2-44A2-9748-1DE0E4E32018}.Release|x86.ActiveCfg = Release|Any CPU
		{EA63A3FD-6A3E-46CA-BA9D-1FDFD362C470}.Debug|Any CPU.ActiveCfg = Debug|Any CPU
		{EA63A3FD-6A3E-46CA-BA9D-1FDFD362C470}.Debug|Any CPU.Build.0 = Debug|Any CPU
		{EA63A3FD-6A3E-46CA-BA9D-1FDFD362C470}.Debug|Mixed Platforms.ActiveCfg = Debug|Any CPU
		{EA63A3FD-6A3E-46CA-BA9D-1FDFD362C470}.Debug|Mixed Platforms.Build.0 = Debug|Any CPU
		{EA63A3FD-6A3E-46CA-BA9D-1FDFD362C470}.Debug|x86.ActiveCfg = Debug|Any CPU
		{EA63A3FD-6A3E-46CA-BA9D-1FDFD362C470}.Release|Any CPU.ActiveCfg = Release|Any CPU
		{EA63A3FD-6A3E-46CA-BA9D-1FDFD362C470}.Release|Any CPU.Build.0 = Release|Any CPU
		{EA63A3FD-6A3E-46CA-BA9D-1FDFD362C470}.Release|Mixed Platforms.ActiveCfg = Release|Any CPU
		{EA63A3FD-6A3E-46CA-BA9D-1FDFD362C470}.Release|Mixed Platforms.Build.0 = Release|Any CPU
		{EA63A3FD-6A3E-46CA-BA9D-1FDFD362C470}.Release|x86.ActiveCfg = Release|Any CPU
		{A2A165BE-6433-4145-AA24-7552AC6A690F}.Debug|Any CPU.ActiveCfg = Debug|Any CPU
		{A2A165BE-6433-4145-AA24-7552AC6A690F}.Debug|Any CPU.Build.0 = Debug|Any CPU
		{A2A165BE-6433-4145-AA24-7552AC6A690F}.Debug|Mixed Platforms.ActiveCfg = Debug|Any CPU
		{A2A165BE-6433-4145-AA24-7552AC6A690F}.Debug|Mixed Platforms.Build.0 = Debug|Any CPU
		{A2A165BE-6433-4145-AA24-7552AC6A690F}.Debug|x86.ActiveCfg = Debug|Any CPU
		{A2A165BE-6433-4145-AA24-7552AC6A690F}.Release|Any CPU.ActiveCfg = Release|Any CPU
		{A2A165BE-6433-4145-AA24-7552AC6A690F}.Release|Any CPU.Build.0 = Release|Any CPU
		{A2A165BE-6433-4145-AA24-7552AC6A690F}.Release|Mixed Platforms.ActiveCfg = Release|Any CPU
		{A2A165BE-6433-4145-AA24-7552AC6A690F}.Release|Mixed Platforms.Build.0 = Release|Any CPU
		{A2A165BE-6433-4145-AA24-7552AC6A690F}.Release|x86.ActiveCfg = Release|Any CPU
		{93348BE8-EDA9-41AE-BF2D-4C561C8FC1B0}.Debug|Any CPU.ActiveCfg = Debug|Any CPU
		{93348BE8-EDA9-41AE-BF2D-4C561C8FC1B0}.Debug|Any CPU.Build.0 = Debug|Any CPU
		{93348BE8-EDA9-41AE-BF2D-4C561C8FC1B0}.Debug|Mixed Platforms.ActiveCfg = Debug|Any CPU
		{93348BE8-EDA9-41AE-BF2D-4C561C8FC1B0}.Debug|Mixed Platforms.Build.0 = Debug|Any CPU
		{93348BE8-EDA9-41AE-BF2D-4C561C8FC1B0}.Debug|x86.ActiveCfg = Debug|Any CPU
		{93348BE8-EDA9-41AE-BF2D-4C561C8FC1B0}.Release|Any CPU.ActiveCfg = Release|Any CPU
		{93348BE8-EDA9-41AE-BF2D-4C561C8FC1B0}.Release|Any CPU.Build.0 = Release|Any CPU
		{93348BE8-EDA9-41AE-BF2D-4C561C8FC1B0}.Release|Mixed Platforms.ActiveCfg = Release|Any CPU
		{93348BE8-EDA9-41AE-BF2D-4C561C8FC1B0}.Release|Mixed Platforms.Build.0 = Release|Any CPU
		{93348BE8-EDA9-41AE-BF2D-4C561C8FC1B0}.Release|x86.ActiveCfg = Release|Any CPU
		{4B705EC2-01E8-43AD-BEC7-7B23C6413B86}.Debug|Any CPU.ActiveCfg = Debug|Any CPU
		{4B705EC2-01E8-43AD-BEC7-7B23C6413B86}.Debug|Any CPU.Build.0 = Debug|Any CPU
		{4B705EC2-01E8-43AD-BEC7-7B23C6413B86}.Debug|Mixed Platforms.ActiveCfg = Debug|Any CPU
		{4B705EC2-01E8-43AD-BEC7-7B23C6413B86}.Debug|Mixed Platforms.Build.0 = Debug|Any CPU
		{4B705EC2-01E8-43AD-BEC7-7B23C6413B86}.Debug|x86.ActiveCfg = Debug|Any CPU
		{4B705EC2-01E8-43AD-BEC7-7B23C6413B86}.Release|Any CPU.ActiveCfg = Release|Any CPU
		{4B705EC2-01E8-43AD-BEC7-7B23C6413B86}.Release|Any CPU.Build.0 = Release|Any CPU
		{4B705EC2-01E8-43AD-BEC7-7B23C6413B86}.Release|Mixed Platforms.ActiveCfg = Release|Any CPU
		{4B705EC2-01E8-43AD-BEC7-7B23C6413B86}.Release|Mixed Platforms.Build.0 = Release|Any CPU
		{4B705EC2-01E8-43AD-BEC7-7B23C6413B86}.Release|x86.ActiveCfg = Release|Any CPU
	EndGlobalSection
	GlobalSection(SolutionProperties) = preSolution
		HideSolutionNode = FALSE
	EndGlobalSection
EndGlobal
