
Microsoft Visual Studio Solution File, Format Version 11.00
# Visual Studio 2010
Project("{FAE04EC0-301F-11D3-BF4B-00C04F79EFBC}") = "phiNdus.fundus.Web", "src\phiNdus.fundus.Web\phiNdus.fundus.Web.csproj", "{08F0E680-EAD6-4698-90C4-111C16620424}"
EndProject
Project("{FAE04EC0-301F-11D3-BF4B-00C04F79EFBC}") = "phiNdus.fundus.Business", "src\phiNdus.fundus.Business\phiNdus.fundus.Business.csproj", "{97AA64DB-12BF-4AF3-B732-97DE1A9919B1}"
EndProject
Project("{FAE04EC0-301F-11D3-BF4B-00C04F79EFBC}") = "phiNdus.fundus.Domain", "src\phiNdus.fundus.Domain\phiNdus.fundus.Domain.csproj", "{00B767FE-A820-43B2-A494-B70732B09CF8}"
EndProject
Project("{FAE04EC0-301F-11D3-BF4B-00C04F79EFBC}") = "phiNdus.fundus.Business.UnitTests", "tests\phiNdus.fundus.Business.Unittests\phiNdus.fundus.Business.UnitTests.csproj", "{C3A49666-132D-497C-A135-E4C2E87FA01B}"
EndProject
Project("{FAE04EC0-301F-11D3-BF4B-00C04F79EFBC}") = "phiNdus.fundus.Web.UnitTests", "tests\phiNdus.fundus.Web.Unittests\phiNdus.fundus.Web.UnitTests.csproj", "{3A958280-7EFB-4AC3-AD66-942EC83018EB}"
EndProject
Project("{FAE04EC0-301F-11D3-BF4B-00C04F79EFBC}") = "phiNdus.fundus.Domain.UnitTests", "tests\phiNdus.fundus.Domain.Unittests\phiNdus.fundus.Domain.UnitTests.csproj", "{43DB8619-4C9E-4806-AE5A-CA63E0301BF5}"
EndProject
Project("{FAE04EC0-301F-11D3-BF4B-00C04F79EFBC}") = "phiNdus.fundus.Domain.IntegrationTests", "tests\phiNdus.fundus.Domain.Integrationtests\phiNdus.fundus.Domain.IntegrationTests.csproj", "{4DFF5DDE-A0FD-48F9-AF63-241A34E26BF1}"
EndProject
Project("{FAE04EC0-301F-11D3-BF4B-00C04F79EFBC}") = "phiNdus.fundus.Business.IntegrationTests", "tests\phiNdus.fundus.Business.Integrationtests\phiNdus.fundus.Business.IntegrationTests.csproj", "{58C99E38-EB57-4190-9CF1-01CE75A1B738}"
EndProject
Project("{FAE04EC0-301F-11D3-BF4B-00C04F79EFBC}") = "phiNdus.fundus.CliTools", "src\phiNdus.fundus.CliTools\phiNdus.fundus.CliTools.csproj", "{80CB9A46-90B0-4269-B2C8-3D9E11287D99}"
EndProject
Project("{FAE04EC0-301F-11D3-BF4B-00C04F79EFBC}") = "phiNdus.fundus.SmokeTests", "tests\phiNdus.fundus.SmokeTests\phiNdus.fundus.SmokeTests.csproj", "{74FC8DD9-C1AF-4754-ACDA-61328C2318CD}"
EndProject
Project("{FAE04EC0-301F-11D3-BF4B-00C04F79EFBC}") = "phiNdus.fundus.AcceptanceTests", "tests\phiNdus.fundus.AcceptanceTests\phiNdus.fundus.AcceptanceTests.csproj", "{CC210F8D-0149-4103-9E0E-59029C0D2BD4}"
EndProject
Project("{2150E333-8FDC-42A3-9474-1A3956D46DE8}") = "Deprecated", "Deprecated", "{F36F9C43-9354-4341-8239-CF05CEBDC98C}"
EndProject
Project("{FAE04EC0-301F-11D3-BF4B-00C04F79EFBC}") = "phiNdus.fundus.TestHelpers", "tests\phiNdus.fundus.TestHelpers\phiNdus.fundus.TestHelpers.csproj", "{752C7B51-7C57-460D-BC8C-0902A0E880E6}"
EndProject
Project("{FAE04EC0-301F-11D3-BF4B-00C04F79EFBC}") = "phiNdus.fundus.DbMigrations", "db\phiNdus.fundus.DbMigrations\phiNdus.fundus.DbMigrations.csproj", "{7B58707A-84EC-4E7E-A0FD-946F1E16361E}"
EndProject
Project("{FAE04EC0-301F-11D3-BF4B-00C04F79EFBC}") = "piNuts.phundus.Specs", "specs\piNuts.phundus.Specs\piNuts.phundus.Specs.csproj", "{F9E6C7B9-2B94-4B34-A212-AE096C4CF4C2}"
EndProject
Project("{FAE04EC0-301F-11D3-BF4B-00C04F79EFBC}") = "piNuts.phundus.Domain.Tests", "tests\piNuts.phundus.Domain.Tests\piNuts.phundus.Domain.Tests.csproj", "{F080EC76-F266-4D55-8A06-2524D8710525}"
EndProject
Project("{FAE04EC0-301F-11D3-BF4B-00C04F79EFBC}") = "piNuts.phundus.Web.Tests", "tests\piNuts.phundus.Web.Tests\piNuts.phundus.Web.Tests.csproj", "{FE0618B9-DD38-4139-A54E-1A90EC2B06EF}"
EndProject
Project("{2150E333-8FDC-42A3-9474-1A3956D46DE8}") = ".nuget", ".nuget", "{9C4BD9AA-4838-47EA-876C-5FAF285C0801}"
	ProjectSection(SolutionItems) = preProject
		.nuget\packages.config = .nuget\packages.config
	EndProjectSection
EndProject
Global
	GlobalSection(SolutionConfigurationPlatforms) = preSolution
		Debug|Any CPU = Debug|Any CPU
		Debug|Mixed Platforms = Debug|Mixed Platforms
		Debug|x86 = Debug|x86
		Release|Any CPU = Release|Any CPU
		Release|Mixed Platforms = Release|Mixed Platforms
		Release|x86 = Release|x86
	EndGlobalSection
	GlobalSection(ProjectConfigurationPlatforms) = postSolution
		{08F0E680-EAD6-4698-90C4-111C16620424}.Debug|Any CPU.ActiveCfg = Debug|Any CPU
		{08F0E680-EAD6-4698-90C4-111C16620424}.Debug|Any CPU.Build.0 = Debug|Any CPU
		{08F0E680-EAD6-4698-90C4-111C16620424}.Debug|Mixed Platforms.ActiveCfg = Debug|Any CPU
		{08F0E680-EAD6-4698-90C4-111C16620424}.Debug|Mixed Platforms.Build.0 = Debug|Any CPU
		{08F0E680-EAD6-4698-90C4-111C16620424}.Debug|x86.ActiveCfg = Debug|Any CPU
		{08F0E680-EAD6-4698-90C4-111C16620424}.Release|Any CPU.ActiveCfg = Release|Any CPU
		{08F0E680-EAD6-4698-90C4-111C16620424}.Release|Any CPU.Build.0 = Release|Any CPU
		{08F0E680-EAD6-4698-90C4-111C16620424}.Release|Mixed Platforms.ActiveCfg = Release|Any CPU
		{08F0E680-EAD6-4698-90C4-111C16620424}.Release|Mixed Platforms.Build.0 = Release|Any CPU
		{08F0E680-EAD6-4698-90C4-111C16620424}.Release|x86.ActiveCfg = Release|Any CPU
		{97AA64DB-12BF-4AF3-B732-97DE1A9919B1}.Debug|Any CPU.ActiveCfg = Debug|Any CPU
		{97AA64DB-12BF-4AF3-B732-97DE1A9919B1}.Debug|Any CPU.Build.0 = Debug|Any CPU
		{97AA64DB-12BF-4AF3-B732-97DE1A9919B1}.Debug|Mixed Platforms.ActiveCfg = Debug|Any CPU
		{97AA64DB-12BF-4AF3-B732-97DE1A9919B1}.Debug|Mixed Platforms.Build.0 = Debug|Any CPU
		{97AA64DB-12BF-4AF3-B732-97DE1A9919B1}.Debug|x86.ActiveCfg = Debug|Any CPU
		{97AA64DB-12BF-4AF3-B732-97DE1A9919B1}.Release|Any CPU.ActiveCfg = Release|Any CPU
		{97AA64DB-12BF-4AF3-B732-97DE1A9919B1}.Release|Any CPU.Build.0 = Release|Any CPU
		{97AA64DB-12BF-4AF3-B732-97DE1A9919B1}.Release|Mixed Platforms.ActiveCfg = Release|Any CPU
		{97AA64DB-12BF-4AF3-B732-97DE1A9919B1}.Release|Mixed Platforms.Build.0 = Release|Any CPU
		{97AA64DB-12BF-4AF3-B732-97DE1A9919B1}.Release|x86.ActiveCfg = Release|Any CPU
		{00B767FE-A820-43B2-A494-B70732B09CF8}.Debug|Any CPU.ActiveCfg = Debug|Any CPU
		{00B767FE-A820-43B2-A494-B70732B09CF8}.Debug|Any CPU.Build.0 = Debug|Any CPU
		{00B767FE-A820-43B2-A494-B70732B09CF8}.Debug|Mixed Platforms.ActiveCfg = Debug|Any CPU
		{00B767FE-A820-43B2-A494-B70732B09CF8}.Debug|Mixed Platforms.Build.0 = Debug|Any CPU
		{00B767FE-A820-43B2-A494-B70732B09CF8}.Debug|x86.ActiveCfg = Debug|Any CPU
		{00B767FE-A820-43B2-A494-B70732B09CF8}.Release|Any CPU.ActiveCfg = Release|Any CPU
		{00B767FE-A820-43B2-A494-B70732B09CF8}.Release|Any CPU.Build.0 = Release|Any CPU
		{00B767FE-A820-43B2-A494-B70732B09CF8}.Release|Mixed Platforms.ActiveCfg = Release|Any CPU
		{00B767FE-A820-43B2-A494-B70732B09CF8}.Release|Mixed Platforms.Build.0 = Release|Any CPU
		{00B767FE-A820-43B2-A494-B70732B09CF8}.Release|x86.ActiveCfg = Release|Any CPU
		{C3A49666-132D-497C-A135-E4C2E87FA01B}.Debug|Any CPU.ActiveCfg = Debug|Any CPU
		{C3A49666-132D-497C-A135-E4C2E87FA01B}.Debug|Any CPU.Build.0 = Debug|Any CPU
		{C3A49666-132D-497C-A135-E4C2E87FA01B}.Debug|Mixed Platforms.ActiveCfg = Debug|Any CPU
		{C3A49666-132D-497C-A135-E4C2E87FA01B}.Debug|Mixed Platforms.Build.0 = Debug|Any CPU
		{C3A49666-132D-497C-A135-E4C2E87FA01B}.Debug|x86.ActiveCfg = Debug|Any CPU
		{C3A49666-132D-497C-A135-E4C2E87FA01B}.Release|Any CPU.ActiveCfg = Release|Any CPU
		{C3A49666-132D-497C-A135-E4C2E87FA01B}.Release|Mixed Platforms.ActiveCfg = Release|Any CPU
		{C3A49666-132D-497C-A135-E4C2E87FA01B}.Release|Mixed Platforms.Build.0 = Release|Any CPU
		{C3A49666-132D-497C-A135-E4C2E87FA01B}.Release|x86.ActiveCfg = Release|Any CPU
		{3A958280-7EFB-4AC3-AD66-942EC83018EB}.Debug|Any CPU.ActiveCfg = Debug|Any CPU
		{3A958280-7EFB-4AC3-AD66-942EC83018EB}.Debug|Any CPU.Build.0 = Debug|Any CPU
		{3A958280-7EFB-4AC3-AD66-942EC83018EB}.Debug|Mixed Platforms.ActiveCfg = Debug|Any CPU
		{3A958280-7EFB-4AC3-AD66-942EC83018EB}.Debug|Mixed Platforms.Build.0 = Debug|Any CPU
		{3A958280-7EFB-4AC3-AD66-942EC83018EB}.Debug|x86.ActiveCfg = Debug|Any CPU
		{3A958280-7EFB-4AC3-AD66-942EC83018EB}.Release|Any CPU.ActiveCfg = Release|Any CPU
		{3A958280-7EFB-4AC3-AD66-942EC83018EB}.Release|Mixed Platforms.ActiveCfg = Release|Any CPU
		{3A958280-7EFB-4AC3-AD66-942EC83018EB}.Release|Mixed Platforms.Build.0 = Release|Any CPU
		{3A958280-7EFB-4AC3-AD66-942EC83018EB}.Release|x86.ActiveCfg = Release|Any CPU
		{43DB8619-4C9E-4806-AE5A-CA63E0301BF5}.Debug|Any CPU.ActiveCfg = Debug|Any CPU
		{43DB8619-4C9E-4806-AE5A-CA63E0301BF5}.Debug|Any CPU.Build.0 = Debug|Any CPU
		{43DB8619-4C9E-4806-AE5A-CA63E0301BF5}.Debug|Mixed Platforms.ActiveCfg = Debug|Any CPU
		{43DB8619-4C9E-4806-AE5A-CA63E0301BF5}.Debug|Mixed Platforms.Build.0 = Debug|Any CPU
		{43DB8619-4C9E-4806-AE5A-CA63E0301BF5}.Debug|x86.ActiveCfg = Debug|Any CPU
		{43DB8619-4C9E-4806-AE5A-CA63E0301BF5}.Release|Any CPU.ActiveCfg = Release|Any CPU
		{43DB8619-4C9E-4806-AE5A-CA63E0301BF5}.Release|Mixed Platforms.ActiveCfg = Release|Any CPU
		{43DB8619-4C9E-4806-AE5A-CA63E0301BF5}.Release|Mixed Platforms.Build.0 = Release|Any CPU
		{43DB8619-4C9E-4806-AE5A-CA63E0301BF5}.Release|x86.ActiveCfg = Release|Any CPU
		{4DFF5DDE-A0FD-48F9-AF63-241A34E26BF1}.Debug|Any CPU.ActiveCfg = Debug|Any CPU
		{4DFF5DDE-A0FD-48F9-AF63-241A34E26BF1}.Debug|Any CPU.Build.0 = Debug|Any CPU
		{4DFF5DDE-A0FD-48F9-AF63-241A34E26BF1}.Debug|Mixed Platforms.ActiveCfg = Debug|Any CPU
		{4DFF5DDE-A0FD-48F9-AF63-241A34E26BF1}.Debug|Mixed Platforms.Build.0 = Debug|Any CPU
		{4DFF5DDE-A0FD-48F9-AF63-241A34E26BF1}.Debug|x86.ActiveCfg = Debug|Any CPU
		{4DFF5DDE-A0FD-48F9-AF63-241A34E26BF1}.Release|Any CPU.ActiveCfg = Release|Any CPU
		{4DFF5DDE-A0FD-48F9-AF63-241A34E26BF1}.Release|Mixed Platforms.ActiveCfg = Release|Any CPU
		{4DFF5DDE-A0FD-48F9-AF63-241A34E26BF1}.Release|Mixed Platforms.Build.0 = Release|Any CPU
		{4DFF5DDE-A0FD-48F9-AF63-241A34E26BF1}.Release|x86.ActiveCfg = Release|Any CPU
		{58C99E38-EB57-4190-9CF1-01CE75A1B738}.Debug|Any CPU.ActiveCfg = Debug|Any CPU
		{58C99E38-EB57-4190-9CF1-01CE75A1B738}.Debug|Any CPU.Build.0 = Debug|Any CPU
		{58C99E38-EB57-4190-9CF1-01CE75A1B738}.Debug|Mixed Platforms.ActiveCfg = Debug|Any CPU
		{58C99E38-EB57-4190-9CF1-01CE75A1B738}.Debug|Mixed Platforms.Build.0 = Debug|Any CPU
		{58C99E38-EB57-4190-9CF1-01CE75A1B738}.Debug|x86.ActiveCfg = Debug|Any CPU
		{58C99E38-EB57-4190-9CF1-01CE75A1B738}.Release|Any CPU.ActiveCfg = Release|Any CPU
		{58C99E38-EB57-4190-9CF1-01CE75A1B738}.Release|Mixed Platforms.ActiveCfg = Release|Any CPU
		{58C99E38-EB57-4190-9CF1-01CE75A1B738}.Release|Mixed Platforms.Build.0 = Release|Any CPU
		{58C99E38-EB57-4190-9CF1-01CE75A1B738}.Release|x86.ActiveCfg = Release|Any CPU
		{80CB9A46-90B0-4269-B2C8-3D9E11287D99}.Debug|Any CPU.ActiveCfg = Debug|x86
		{80CB9A46-90B0-4269-B2C8-3D9E11287D99}.Debug|Mixed Platforms.ActiveCfg = Debug|x86
		{80CB9A46-90B0-4269-B2C8-3D9E11287D99}.Debug|Mixed Platforms.Build.0 = Debug|x86
		{80CB9A46-90B0-4269-B2C8-3D9E11287D99}.Debug|x86.ActiveCfg = Debug|x86
		{80CB9A46-90B0-4269-B2C8-3D9E11287D99}.Debug|x86.Build.0 = Debug|x86
		{80CB9A46-90B0-4269-B2C8-3D9E11287D99}.Release|Any CPU.ActiveCfg = Release|x86
		{80CB9A46-90B0-4269-B2C8-3D9E11287D99}.Release|Mixed Platforms.ActiveCfg = Release|x86
		{80CB9A46-90B0-4269-B2C8-3D9E11287D99}.Release|Mixed Platforms.Build.0 = Release|x86
		{80CB9A46-90B0-4269-B2C8-3D9E11287D99}.Release|x86.ActiveCfg = Release|x86
		{80CB9A46-90B0-4269-B2C8-3D9E11287D99}.Release|x86.Build.0 = Release|x86
		{74FC8DD9-C1AF-4754-ACDA-61328C2318CD}.Debug|Any CPU.ActiveCfg = Debug|Any CPU
		{74FC8DD9-C1AF-4754-ACDA-61328C2318CD}.Debug|Any CPU.Build.0 = Debug|Any CPU
		{74FC8DD9-C1AF-4754-ACDA-61328C2318CD}.Debug|Mixed Platforms.ActiveCfg = Debug|Any CPU
		{74FC8DD9-C1AF-4754-ACDA-61328C2318CD}.Debug|Mixed Platforms.Build.0 = Debug|Any CPU
		{74FC8DD9-C1AF-4754-ACDA-61328C2318CD}.Debug|x86.ActiveCfg = Debug|Any CPU
		{74FC8DD9-C1AF-4754-ACDA-61328C2318CD}.Release|Any CPU.ActiveCfg = Release|Any CPU
		{74FC8DD9-C1AF-4754-ACDA-61328C2318CD}.Release|Any CPU.Build.0 = Release|Any CPU
		{74FC8DD9-C1AF-4754-ACDA-61328C2318CD}.Release|Mixed Platforms.ActiveCfg = Release|Any CPU
		{74FC8DD9-C1AF-4754-ACDA-61328C2318CD}.Release|Mixed Platforms.Build.0 = Release|Any CPU
		{74FC8DD9-C1AF-4754-ACDA-61328C2318CD}.Release|x86.ActiveCfg = Release|Any CPU
		{CC210F8D-0149-4103-9E0E-59029C0D2BD4}.Debug|Any CPU.ActiveCfg = Debug|Any CPU
		{CC210F8D-0149-4103-9E0E-59029C0D2BD4}.Debug|Any CPU.Build.0 = Debug|Any CPU
		{CC210F8D-0149-4103-9E0E-59029C0D2BD4}.Debug|Mixed Platforms.ActiveCfg = Debug|Any CPU
		{CC210F8D-0149-4103-9E0E-59029C0D2BD4}.Debug|Mixed Platforms.Build.0 = Debug|Any CPU
		{CC210F8D-0149-4103-9E0E-59029C0D2BD4}.Debug|x86.ActiveCfg = Debug|Any CPU
		{CC210F8D-0149-4103-9E0E-59029C0D2BD4}.Release|Any CPU.ActiveCfg = Release|Any CPU
		{CC210F8D-0149-4103-9E0E-59029C0D2BD4}.Release|Mixed Platforms.ActiveCfg = Release|Any CPU
		{CC210F8D-0149-4103-9E0E-59029C0D2BD4}.Release|Mixed Platforms.Build.0 = Release|Any CPU
		{CC210F8D-0149-4103-9E0E-59029C0D2BD4}.Release|x86.ActiveCfg = Release|Any CPU
		{752C7B51-7C57-460D-BC8C-0902A0E880E6}.Debug|Any CPU.ActiveCfg = Debug|Any CPU
		{752C7B51-7C57-460D-BC8C-0902A0E880E6}.Debug|Any CPU.Build.0 = Debug|Any CPU
		{752C7B51-7C57-460D-BC8C-0902A0E880E6}.Debug|Mixed Platforms.ActiveCfg = Debug|Any CPU
		{752C7B51-7C57-460D-BC8C-0902A0E880E6}.Debug|Mixed Platforms.Build.0 = Debug|Any CPU
		{752C7B51-7C57-460D-BC8C-0902A0E880E6}.Debug|x86.ActiveCfg = Debug|Any CPU
		{752C7B51-7C57-460D-BC8C-0902A0E880E6}.Release|Any CPU.ActiveCfg = Release|Any CPU
		{752C7B51-7C57-460D-BC8C-0902A0E880E6}.Release|Any CPU.Build.0 = Release|Any CPU
		{752C7B51-7C57-460D-BC8C-0902A0E880E6}.Release|Mixed Platforms.ActiveCfg = Release|Any CPU
		{752C7B51-7C57-460D-BC8C-0902A0E880E6}.Release|Mixed Platforms.Build.0 = Release|Any CPU
		{752C7B51-7C57-460D-BC8C-0902A0E880E6}.Release|x86.ActiveCfg = Release|Any CPU
		{7B58707A-84EC-4E7E-A0FD-946F1E16361E}.Debug|Any CPU.ActiveCfg = Debug|Any CPU
		{7B58707A-84EC-4E7E-A0FD-946F1E16361E}.Debug|Any CPU.Build.0 = Debug|Any CPU
		{7B58707A-84EC-4E7E-A0FD-946F1E16361E}.Debug|Mixed Platforms.ActiveCfg = Debug|Any CPU
		{7B58707A-84EC-4E7E-A0FD-946F1E16361E}.Debug|Mixed Platforms.Build.0 = Debug|Any CPU
		{7B58707A-84EC-4E7E-A0FD-946F1E16361E}.Debug|x86.ActiveCfg = Debug|Any CPU
		{7B58707A-84EC-4E7E-A0FD-946F1E16361E}.Release|Any CPU.ActiveCfg = Release|Any CPU
		{7B58707A-84EC-4E7E-A0FD-946F1E16361E}.Release|Any CPU.Build.0 = Release|Any CPU
		{7B58707A-84EC-4E7E-A0FD-946F1E16361E}.Release|Mixed Platforms.ActiveCfg = Release|Any CPU
		{7B58707A-84EC-4E7E-A0FD-946F1E16361E}.Release|Mixed Platforms.Build.0 = Release|Any CPU
		{7B58707A-84EC-4E7E-A0FD-946F1E16361E}.Release|x86.ActiveCfg = Release|Any CPU
		{F9E6C7B9-2B94-4B34-A212-AE096C4CF4C2}.Debug|Any CPU.ActiveCfg = Debug|Any CPU
		{F9E6C7B9-2B94-4B34-A212-AE096C4CF4C2}.Debug|Any CPU.Build.0 = Debug|Any CPU
		{F9E6C7B9-2B94-4B34-A212-AE096C4CF4C2}.Debug|Mixed Platforms.ActiveCfg = Debug|Any CPU
		{F9E6C7B9-2B94-4B34-A212-AE096C4CF4C2}.Debug|Mixed Platforms.Build.0 = Debug|Any CPU
		{F9E6C7B9-2B94-4B34-A212-AE096C4CF4C2}.Debug|x86.ActiveCfg = Debug|Any CPU
		{F9E6C7B9-2B94-4B34-A212-AE096C4CF4C2}.Release|Any CPU.ActiveCfg = Release|Any CPU
		{F9E6C7B9-2B94-4B34-A212-AE096C4CF4C2}.Release|Mixed Platforms.ActiveCfg = Release|Any CPU
		{F9E6C7B9-2B94-4B34-A212-AE096C4CF4C2}.Release|Mixed Platforms.Build.0 = Release|Any CPU
		{F9E6C7B9-2B94-4B34-A212-AE096C4CF4C2}.Release|x86.ActiveCfg = Release|Any CPU
		{F080EC76-F266-4D55-8A06-2524D8710525}.Debug|Any CPU.ActiveCfg = Debug|Any CPU
		{F080EC76-F266-4D55-8A06-2524D8710525}.Debug|Any CPU.Build.0 = Debug|Any CPU
		{F080EC76-F266-4D55-8A06-2524D8710525}.Debug|Mixed Platforms.ActiveCfg = Debug|Any CPU
		{F080EC76-F266-4D55-8A06-2524D8710525}.Debug|Mixed Platforms.Build.0 = Debug|Any CPU
		{F080EC76-F266-4D55-8A06-2524D8710525}.Debug|x86.ActiveCfg = Debug|Any CPU
		{F080EC76-F266-4D55-8A06-2524D8710525}.Release|Any CPU.ActiveCfg = Release|Any CPU
		{F080EC76-F266-4D55-8A06-2524D8710525}.Release|Any CPU.Build.0 = Release|Any CPU
		{F080EC76-F266-4D55-8A06-2524D8710525}.Release|Mixed Platforms.ActiveCfg = Release|Any CPU
		{F080EC76-F266-4D55-8A06-2524D8710525}.Release|Mixed Platforms.Build.0 = Release|Any CPU
		{F080EC76-F266-4D55-8A06-2524D8710525}.Release|x86.ActiveCfg = Release|Any CPU
		{FE0618B9-DD38-4139-A54E-1A90EC2B06EF}.Debug|Any CPU.ActiveCfg = Debug|Any CPU
		{FE0618B9-DD38-4139-A54E-1A90EC2B06EF}.Debug|Any CPU.Build.0 = Debug|Any CPU
		{FE0618B9-DD38-4139-A54E-1A90EC2B06EF}.Debug|Mixed Platforms.ActiveCfg = Debug|Any CPU
		{FE0618B9-DD38-4139-A54E-1A90EC2B06EF}.Debug|Mixed Platforms.Build.0 = Debug|Any CPU
		{FE0618B9-DD38-4139-A54E-1A90EC2B06EF}.Debug|x86.ActiveCfg = Debug|Any CPU
		{FE0618B9-DD38-4139-A54E-1A90EC2B06EF}.Release|Any CPU.ActiveCfg = Release|Any CPU
		{FE0618B9-DD38-4139-A54E-1A90EC2B06EF}.Release|Any CPU.Build.0 = Release|Any CPU
		{FE0618B9-DD38-4139-A54E-1A90EC2B06EF}.Release|Mixed Platforms.ActiveCfg = Release|Any CPU
		{FE0618B9-DD38-4139-A54E-1A90EC2B06EF}.Release|Mixed Platforms.Build.0 = Release|Any CPU
		{FE0618B9-DD38-4139-A54E-1A90EC2B06EF}.Release|x86.ActiveCfg = Release|Any CPU
	EndGlobalSection
	GlobalSection(SolutionProperties) = preSolution
		HideSolutionNode = FALSE
	EndGlobalSection
	GlobalSection(NestedProjects) = preSolution
		{4DFF5DDE-A0FD-48F9-AF63-241A34E26BF1} = {F36F9C43-9354-4341-8239-CF05CEBDC98C}
		{58C99E38-EB57-4190-9CF1-01CE75A1B738} = {F36F9C43-9354-4341-8239-CF05CEBDC98C}
		{80CB9A46-90B0-4269-B2C8-3D9E11287D99} = {F36F9C43-9354-4341-8239-CF05CEBDC98C}
		{CC210F8D-0149-4103-9E0E-59029C0D2BD4} = {F36F9C43-9354-4341-8239-CF05CEBDC98C}
		{C3A49666-132D-497C-A135-E4C2E87FA01B} = {F36F9C43-9354-4341-8239-CF05CEBDC98C}
		{752C7B51-7C57-460D-BC8C-0902A0E880E6} = {F36F9C43-9354-4341-8239-CF05CEBDC98C}
	EndGlobalSection
EndGlobal
