
Microsoft Visual Studio Solution File, Format Version 12.00
# Visual Studio 2013
VisualStudioVersion = 12.0.21005.1
MinimumVisualStudioVersion = 10.0.40219.1
Project("{2150E333-8FDC-42A3-9474-1A3956D46DE8}") = ".nuget", ".nuget", "{9C4BD9AA-4838-47EA-876C-5FAF285C0801}"
	ProjectSection(SolutionItems) = preProject
		.nuget\packages.config = .nuget\packages.config
	EndProjectSection
EndProject
Project("{FAE04EC0-301F-11D3-BF4B-00C04F79EFBC}") = "phiNdus.fundus.Web", "src\phiNdus.fundus.Web\phiNdus.fundus.Web.csproj", "{08F0E680-EAD6-4698-90C4-111C16620424}"
	ProjectSection(ProjectDependencies) = postProject
		{9D30515E-5D3C-4FE5-8AA4-B8352328EF25} = {9D30515E-5D3C-4FE5-8AA4-B8352328EF25}
	EndProjectSection
EndProject
Project("{FAE04EC0-301F-11D3-BF4B-00C04F79EFBC}") = "phiNdus.fundus.Domain", "src\phiNdus.fundus.Domain\phiNdus.fundus.Domain.csproj", "{00B767FE-A820-43B2-A494-B70732B09CF8}"
	ProjectSection(ProjectDependencies) = postProject
		{9D30515E-5D3C-4FE5-8AA4-B8352328EF25} = {9D30515E-5D3C-4FE5-8AA4-B8352328EF25}
	EndProjectSection
EndProject
Project("{FAE04EC0-301F-11D3-BF4B-00C04F79EFBC}") = "phiNdus.fundus.Web.UnitTests", "tests\phiNdus.fundus.Web.Unittests\phiNdus.fundus.Web.UnitTests.csproj", "{3A958280-7EFB-4AC3-AD66-942EC83018EB}"
EndProject
Project("{FAE04EC0-301F-11D3-BF4B-00C04F79EFBC}") = "phiNdus.fundus.Domain.UnitTests", "tests\phiNdus.fundus.Domain.Unittests\phiNdus.fundus.Domain.UnitTests.csproj", "{43DB8619-4C9E-4806-AE5A-CA63E0301BF5}"
EndProject
Project("{FAE04EC0-301F-11D3-BF4B-00C04F79EFBC}") = "phiNdus.fundus.DbMigrations", "db\phiNdus.fundus.DbMigrations\phiNdus.fundus.DbMigrations.csproj", "{7B58707A-84EC-4E7E-A0FD-946F1E16361E}"
EndProject
Project("{FAE04EC0-301F-11D3-BF4B-00C04F79EFBC}") = "piNuts.phundus.Specs", "specs\piNuts.phundus.Specs\piNuts.phundus.Specs.csproj", "{F9E6C7B9-2B94-4B34-A212-AE096C4CF4C2}"
EndProject
Project("{FAE04EC0-301F-11D3-BF4B-00C04F79EFBC}") = "piNuts.phundus.Web.Tests", "tests\piNuts.phundus.Web.Tests\piNuts.phundus.Web.Tests.csproj", "{FE0618B9-DD38-4139-A54E-1A90EC2B06EF}"
EndProject
Project("{FAE04EC0-301F-11D3-BF4B-00C04F79EFBC}") = "Phundus.Infrastructure", "src\piNuts.phundus.Infrastructure\Phundus.Infrastructure.csproj", "{9D30515E-5D3C-4FE5-8AA4-B8352328EF25}"
EndProject
Project("{FAE04EC0-301F-11D3-BF4B-00C04F79EFBC}") = "Phundus.Core", "src\Phundus.Core\Phundus.Core.csproj", "{B4C597FF-EF4C-4F33-B2C8-172C1F3E9A56}"
EndProject
Project("{FAE04EC0-301F-11D3-BF4B-00C04F79EFBC}") = "Phundus.Persistence", "src\Phundus.Persistence\Phundus.Persistence.csproj", "{7DDEA0A9-50EA-4DF6-9608-9EDB8F2B5024}"
EndProject
Global
	GlobalSection(SolutionConfigurationPlatforms) = preSolution
		Debug|Any CPU = Debug|Any CPU
		Debug|Mixed Platforms = Debug|Mixed Platforms
		Debug|x86 = Debug|x86
		Release|Any CPU = Release|Any CPU
		Release|Mixed Platforms = Release|Mixed Platforms
		Release|x86 = Release|x86
	EndGlobalSection
	GlobalSection(ProjectConfigurationPlatforms) = postSolution
		{08F0E680-EAD6-4698-90C4-111C16620424}.Debug|Any CPU.ActiveCfg = Debug|Any CPU
		{08F0E680-EAD6-4698-90C4-111C16620424}.Debug|Any CPU.Build.0 = Debug|Any CPU
		{08F0E680-EAD6-4698-90C4-111C16620424}.Debug|Mixed Platforms.ActiveCfg = Debug|Any CPU
		{08F0E680-EAD6-4698-90C4-111C16620424}.Debug|Mixed Platforms.Build.0 = Debug|Any CPU
		{08F0E680-EAD6-4698-90C4-111C16620424}.Debug|x86.ActiveCfg = Debug|Any CPU
		{08F0E680-EAD6-4698-90C4-111C16620424}.Release|Any CPU.ActiveCfg = Release|Any CPU
		{08F0E680-EAD6-4698-90C4-111C16620424}.Release|Any CPU.Build.0 = Release|Any CPU
		{08F0E680-EAD6-4698-90C4-111C16620424}.Release|Mixed Platforms.ActiveCfg = Release|Any CPU
		{08F0E680-EAD6-4698-90C4-111C16620424}.Release|Mixed Platforms.Build.0 = Release|Any CPU
		{08F0E680-EAD6-4698-90C4-111C16620424}.Release|x86.ActiveCfg = Release|Any CPU
		{00B767FE-A820-43B2-A494-B70732B09CF8}.Debug|Any CPU.ActiveCfg = Debug|Any CPU
		{00B767FE-A820-43B2-A494-B70732B09CF8}.Debug|Any CPU.Build.0 = Debug|Any CPU
		{00B767FE-A820-43B2-A494-B70732B09CF8}.Debug|Mixed Platforms.ActiveCfg = Debug|Any CPU
		{00B767FE-A820-43B2-A494-B70732B09CF8}.Debug|Mixed Platforms.Build.0 = Debug|Any CPU
		{00B767FE-A820-43B2-A494-B70732B09CF8}.Debug|x86.ActiveCfg = Debug|Any CPU
		{00B767FE-A820-43B2-A494-B70732B09CF8}.Release|Any CPU.ActiveCfg = Release|Any CPU
		{00B767FE-A820-43B2-A494-B70732B09CF8}.Release|Any CPU.Build.0 = Release|Any CPU
		{00B767FE-A820-43B2-A494-B70732B09CF8}.Release|Mixed Platforms.ActiveCfg = Release|Any CPU
		{00B767FE-A820-43B2-A494-B70732B09CF8}.Release|Mixed Platforms.Build.0 = Release|Any CPU
		{00B767FE-A820-43B2-A494-B70732B09CF8}.Release|x86.ActiveCfg = Release|Any CPU
		{3A958280-7EFB-4AC3-AD66-942EC83018EB}.Debug|Any CPU.ActiveCfg = Debug|Any CPU
		{3A958280-7EFB-4AC3-AD66-942EC83018EB}.Debug|Any CPU.Build.0 = Debug|Any CPU
		{3A958280-7EFB-4AC3-AD66-942EC83018EB}.Debug|Mixed Platforms.ActiveCfg = Debug|Any CPU
		{3A958280-7EFB-4AC3-AD66-942EC83018EB}.Debug|Mixed Platforms.Build.0 = Debug|Any CPU
		{3A958280-7EFB-4AC3-AD66-942EC83018EB}.Debug|x86.ActiveCfg = Debug|Any CPU
		{3A958280-7EFB-4AC3-AD66-942EC83018EB}.Release|Any CPU.ActiveCfg = Release|Any CPU
		{3A958280-7EFB-4AC3-AD66-942EC83018EB}.Release|Mixed Platforms.ActiveCfg = Release|Any CPU
		{3A958280-7EFB-4AC3-AD66-942EC83018EB}.Release|Mixed Platforms.Build.0 = Release|Any CPU
		{3A958280-7EFB-4AC3-AD66-942EC83018EB}.Release|x86.ActiveCfg = Release|Any CPU
		{43DB8619-4C9E-4806-AE5A-CA63E0301BF5}.Debug|Any CPU.ActiveCfg = Debug|Any CPU
		{43DB8619-4C9E-4806-AE5A-CA63E0301BF5}.Debug|Any CPU.Build.0 = Debug|Any CPU
		{43DB8619-4C9E-4806-AE5A-CA63E0301BF5}.Debug|Mixed Platforms.ActiveCfg = Debug|Any CPU
		{43DB8619-4C9E-4806-AE5A-CA63E0301BF5}.Debug|Mixed Platforms.Build.0 = Debug|Any CPU
		{43DB8619-4C9E-4806-AE5A-CA63E0301BF5}.Debug|x86.ActiveCfg = Debug|Any CPU
		{43DB8619-4C9E-4806-AE5A-CA63E0301BF5}.Release|Any CPU.ActiveCfg = Release|Any CPU
		{43DB8619-4C9E-4806-AE5A-CA63E0301BF5}.Release|Mixed Platforms.ActiveCfg = Release|Any CPU
		{43DB8619-4C9E-4806-AE5A-CA63E0301BF5}.Release|Mixed Platforms.Build.0 = Release|Any CPU
		{43DB8619-4C9E-4806-AE5A-CA63E0301BF5}.Release|x86.ActiveCfg = Release|Any CPU
		{7B58707A-84EC-4E7E-A0FD-946F1E16361E}.Debug|Any CPU.ActiveCfg = Debug|Any CPU
		{7B58707A-84EC-4E7E-A0FD-946F1E16361E}.Debug|Any CPU.Build.0 = Debug|Any CPU
		{7B58707A-84EC-4E7E-A0FD-946F1E16361E}.Debug|Mixed Platforms.ActiveCfg = Debug|Any CPU
		{7B58707A-84EC-4E7E-A0FD-946F1E16361E}.Debug|Mixed Platforms.Build.0 = Debug|Any CPU
		{7B58707A-84EC-4E7E-A0FD-946F1E16361E}.Debug|x86.ActiveCfg = Debug|Any CPU
		{7B58707A-84EC-4E7E-A0FD-946F1E16361E}.Release|Any CPU.ActiveCfg = Release|Any CPU
		{7B58707A-84EC-4E7E-A0FD-946F1E16361E}.Release|Any CPU.Build.0 = Release|Any CPU
		{7B58707A-84EC-4E7E-A0FD-946F1E16361E}.Release|Mixed Platforms.ActiveCfg = Release|Any CPU
		{7B58707A-84EC-4E7E-A0FD-946F1E16361E}.Release|Mixed Platforms.Build.0 = Release|Any CPU
		{7B58707A-84EC-4E7E-A0FD-946F1E16361E}.Release|x86.ActiveCfg = Release|Any CPU
		{F9E6C7B9-2B94-4B34-A212-AE096C4CF4C2}.Debug|Any CPU.ActiveCfg = Debug|Any CPU
		{F9E6C7B9-2B94-4B34-A212-AE096C4CF4C2}.Debug|Any CPU.Build.0 = Debug|Any CPU
		{F9E6C7B9-2B94-4B34-A212-AE096C4CF4C2}.Debug|Mixed Platforms.ActiveCfg = Debug|Any CPU
		{F9E6C7B9-2B94-4B34-A212-AE096C4CF4C2}.Debug|Mixed Platforms.Build.0 = Debug|Any CPU
		{F9E6C7B9-2B94-4B34-A212-AE096C4CF4C2}.Debug|x86.ActiveCfg = Debug|Any CPU
		{F9E6C7B9-2B94-4B34-A212-AE096C4CF4C2}.Release|Any CPU.ActiveCfg = Release|Any CPU
		{F9E6C7B9-2B94-4B34-A212-AE096C4CF4C2}.Release|Mixed Platforms.ActiveCfg = Release|Any CPU
		{F9E6C7B9-2B94-4B34-A212-AE096C4CF4C2}.Release|Mixed Platforms.Build.0 = Release|Any CPU
		{F9E6C7B9-2B94-4B34-A212-AE096C4CF4C2}.Release|x86.ActiveCfg = Release|Any CPU
		{FE0618B9-DD38-4139-A54E-1A90EC2B06EF}.Debug|Any CPU.ActiveCfg = Debug|Any CPU
		{FE0618B9-DD38-4139-A54E-1A90EC2B06EF}.Debug|Any CPU.Build.0 = Debug|Any CPU
		{FE0618B9-DD38-4139-A54E-1A90EC2B06EF}.Debug|Mixed Platforms.ActiveCfg = Debug|Any CPU
		{FE0618B9-DD38-4139-A54E-1A90EC2B06EF}.Debug|Mixed Platforms.Build.0 = Debug|Any CPU
		{FE0618B9-DD38-4139-A54E-1A90EC2B06EF}.Debug|x86.ActiveCfg = Debug|Any CPU
		{FE0618B9-DD38-4139-A54E-1A90EC2B06EF}.Release|Any CPU.ActiveCfg = Release|Any CPU
		{FE0618B9-DD38-4139-A54E-1A90EC2B06EF}.Release|Any CPU.Build.0 = Release|Any CPU
		{FE0618B9-DD38-4139-A54E-1A90EC2B06EF}.Release|Mixed Platforms.ActiveCfg = Release|Any CPU
		{FE0618B9-DD38-4139-A54E-1A90EC2B06EF}.Release|Mixed Platforms.Build.0 = Release|Any CPU
		{FE0618B9-DD38-4139-A54E-1A90EC2B06EF}.Release|x86.ActiveCfg = Release|Any CPU
		{9D30515E-5D3C-4FE5-8AA4-B8352328EF25}.Debug|Any CPU.ActiveCfg = Debug|Any CPU
		{9D30515E-5D3C-4FE5-8AA4-B8352328EF25}.Debug|Any CPU.Build.0 = Debug|Any CPU
		{9D30515E-5D3C-4FE5-8AA4-B8352328EF25}.Debug|Mixed Platforms.ActiveCfg = Debug|Any CPU
		{9D30515E-5D3C-4FE5-8AA4-B8352328EF25}.Debug|Mixed Platforms.Build.0 = Debug|Any CPU
		{9D30515E-5D3C-4FE5-8AA4-B8352328EF25}.Debug|x86.ActiveCfg = Debug|Any CPU
		{9D30515E-5D3C-4FE5-8AA4-B8352328EF25}.Release|Any CPU.ActiveCfg = Release|Any CPU
		{9D30515E-5D3C-4FE5-8AA4-B8352328EF25}.Release|Any CPU.Build.0 = Release|Any CPU
		{9D30515E-5D3C-4FE5-8AA4-B8352328EF25}.Release|Mixed Platforms.ActiveCfg = Release|Any CPU
		{9D30515E-5D3C-4FE5-8AA4-B8352328EF25}.Release|Mixed Platforms.Build.0 = Release|Any CPU
		{9D30515E-5D3C-4FE5-8AA4-B8352328EF25}.Release|x86.ActiveCfg = Release|Any CPU
		{B4C597FF-EF4C-4F33-B2C8-172C1F3E9A56}.Debug|Any CPU.ActiveCfg = Debug|Any CPU
		{B4C597FF-EF4C-4F33-B2C8-172C1F3E9A56}.Debug|Any CPU.Build.0 = Debug|Any CPU
		{B4C597FF-EF4C-4F33-B2C8-172C1F3E9A56}.Debug|Mixed Platforms.ActiveCfg = Debug|Any CPU
		{B4C597FF-EF4C-4F33-B2C8-172C1F3E9A56}.Debug|Mixed Platforms.Build.0 = Debug|Any CPU
		{B4C597FF-EF4C-4F33-B2C8-172C1F3E9A56}.Debug|x86.ActiveCfg = Debug|Any CPU
		{B4C597FF-EF4C-4F33-B2C8-172C1F3E9A56}.Release|Any CPU.ActiveCfg = Release|Any CPU
		{B4C597FF-EF4C-4F33-B2C8-172C1F3E9A56}.Release|Any CPU.Build.0 = Release|Any CPU
		{B4C597FF-EF4C-4F33-B2C8-172C1F3E9A56}.Release|Mixed Platforms.ActiveCfg = Release|Any CPU
		{B4C597FF-EF4C-4F33-B2C8-172C1F3E9A56}.Release|Mixed Platforms.Build.0 = Release|Any CPU
		{B4C597FF-EF4C-4F33-B2C8-172C1F3E9A56}.Release|x86.ActiveCfg = Release|Any CPU
		{7DDEA0A9-50EA-4DF6-9608-9EDB8F2B5024}.Debug|Any CPU.ActiveCfg = Debug|Any CPU
		{7DDEA0A9-50EA-4DF6-9608-9EDB8F2B5024}.Debug|Any CPU.Build.0 = Debug|Any CPU
		{7DDEA0A9-50EA-4DF6-9608-9EDB8F2B5024}.Debug|Mixed Platforms.ActiveCfg = Debug|Any CPU
		{7DDEA0A9-50EA-4DF6-9608-9EDB8F2B5024}.Debug|Mixed Platforms.Build.0 = Debug|Any CPU
		{7DDEA0A9-50EA-4DF6-9608-9EDB8F2B5024}.Debug|x86.ActiveCfg = Debug|Any CPU
		{7DDEA0A9-50EA-4DF6-9608-9EDB8F2B5024}.Release|Any CPU.ActiveCfg = Release|Any CPU
		{7DDEA0A9-50EA-4DF6-9608-9EDB8F2B5024}.Release|Any CPU.Build.0 = Release|Any CPU
		{7DDEA0A9-50EA-4DF6-9608-9EDB8F2B5024}.Release|Mixed Platforms.ActiveCfg = Release|Any CPU
		{7DDEA0A9-50EA-4DF6-9608-9EDB8F2B5024}.Release|Mixed Platforms.Build.0 = Release|Any CPU
		{7DDEA0A9-50EA-4DF6-9608-9EDB8F2B5024}.Release|x86.ActiveCfg = Release|Any CPU
	EndGlobalSection
	GlobalSection(SolutionProperties) = preSolution
		HideSolutionNode = FALSE
	EndGlobalSection
EndGlobal
