
Microsoft Visual Studio Solution File, Format Version 12.00
# Visual Studio 2013
VisualStudioVersion = 12.0.21005.1
MinimumVisualStudioVersion = 10.0.40219.1
Project("{2150E333-8FDC-42A3-9474-1A3956D46DE8}") = ".nuget", ".nuget", "{9C4BD9AA-4838-47EA-876C-5FAF285C0801}"
	ProjectSection(SolutionItems) = preProject
		.nuget\packages.config = .nuget\packages.config
	EndProjectSection
EndProject
Project("{FAE04EC0-301F-11D3-BF4B-00C04F79EFBC}") = "Phundus.Web", "src\phiNdus.fundus.Web\Phundus.Web.csproj", "{08F0E680-EAD6-4698-90C4-111C16620424}"
	ProjectSection(ProjectDependencies) = postProject
		{9D30515E-5D3C-4FE5-8AA4-B8352328EF25} = {9D30515E-5D3C-4FE5-8AA4-B8352328EF25}
	EndProjectSection
EndProject
Project("{FAE04EC0-301F-11D3-BF4B-00C04F79EFBC}") = "Phundus.Web.Tests", "tests\phiNdus.fundus.Web.Unittests\Phundus.Web.Tests.csproj", "{3A958280-7EFB-4AC3-AD66-942EC83018EB}"
EndProject
Project("{FAE04EC0-301F-11D3-BF4B-00C04F79EFBC}") = "Phundus.Persistence.Migrations", "db\phiNdus.fundus.DbMigrations\Phundus.Persistence.Migrations.csproj", "{7B58707A-84EC-4E7E-A0FD-946F1E16361E}"
EndProject
Project("{FAE04EC0-301F-11D3-BF4B-00C04F79EFBC}") = "Phundus.Specs", "specs\piNuts.phundus.Specs\Phundus.Specs.csproj", "{F9E6C7B9-2B94-4B34-A212-AE096C4CF4C2}"
EndProject
Project("{FAE04EC0-301F-11D3-BF4B-00C04F79EFBC}") = "Phundus.Infrastructure", "src\piNuts.phundus.Infrastructure\Phundus.Infrastructure.csproj", "{9D30515E-5D3C-4FE5-8AA4-B8352328EF25}"
EndProject
Project("{FAE04EC0-301F-11D3-BF4B-00C04F79EFBC}") = "Phundus.Core", "src\Phundus.Core\Phundus.Core.csproj", "{B4C597FF-EF4C-4F33-B2C8-172C1F3E9A56}"
EndProject
Project("{FAE04EC0-301F-11D3-BF4B-00C04F79EFBC}") = "Phundus.Core.Tests", "tests\Phundus.Core.Tests\Phundus.Core.Tests.csproj", "{4F4206CE-7B94-42B9-947F-C210C9F32F3A}"
EndProject
Project("{FAE04EC0-301F-11D3-BF4B-00C04F79EFBC}") = "Phundus.Persistence", "src\Phundus.Persistence\Phundus.Persistence.csproj", "{7DDEA0A9-50EA-4DF6-9608-9EDB8F2B5024}"
EndProject
Project("{FAE04EC0-301F-11D3-BF4B-00C04F79EFBC}") = "Phundus.Core.Specs", "specs\Phundus.Core.Specs\Phundus.Core.Specs.csproj", "{66D6E700-BBC7-417B-AC78-1343BD0E267A}"
EndProject
Project("{FAE04EC0-301F-11D3-BF4B-00C04F79EFBC}") = "Phundus.Rest", "src\Phundus.Rest\Phundus.Rest.csproj", "{54A42682-059D-43B5-8028-60D1E4058371}"
EndProject
Project("{FAE04EC0-301F-11D3-BF4B-00C04F79EFBC}") = "Phundus.Persistence.Tests", "tests\Phundus.Persistence.Tests\Phundus.Persistence.Tests.csproj", "{8AA0F6D6-0424-43EA-9F46-021E1A374D6A}"
EndProject
Project("{FAE04EC0-301F-11D3-BF4B-00C04F79EFBC}") = "Phundus.Common", "src\Phundus.Common\Phundus.Common.csproj", "{0BA282A6-FEA2-44A2-9748-1DE0E4E32018}"
EndProject
Project("{FAE04EC0-301F-11D3-BF4B-00C04F79EFBC}") = "Phundus.Common.Tests", "tests\Phundus.Common.Tests\Phundus.Common.Tests.csproj", "{EA63A3FD-6A3E-46CA-BA9D-1FDFD362C470}"
EndProject
Project("{FAE04EC0-301F-11D3-BF4B-00C04F79EFBC}") = "Phundus.Core.Migrations", "src\Phundus.Core.Migrations\Phundus.Core.Migrations.csproj", "{B72E3778-0B5E-4FF7-9D75-023A9C3457E9}"
EndProject
Global
	GlobalSection(SolutionConfigurationPlatforms) = preSolution
		Debug|Any CPU = Debug|Any CPU
		Debug|Mixed Platforms = Debug|Mixed Platforms
		Debug|x86 = Debug|x86
		Release|Any CPU = Release|Any CPU
		Release|Mixed Platforms = Release|Mixed Platforms
		Release|x86 = Release|x86
	EndGlobalSection
	GlobalSection(ProjectConfigurationPlatforms) = postSolution
		{08F0E680-EAD6-4698-90C4-111C16620424}.Debug|Any CPU.ActiveCfg = Debug|Any CPU
		{08F0E680-EAD6-4698-90C4-111C16620424}.Debug|Any CPU.Build.0 = Debug|Any CPU
		{08F0E680-EAD6-4698-90C4-111C16620424}.Debug|Mixed Platforms.ActiveCfg = Debug|Any CPU
		{08F0E680-EAD6-4698-90C4-111C16620424}.Debug|Mixed Platforms.Build.0 = Debug|Any CPU
		{08F0E680-EAD6-4698-90C4-111C16620424}.Debug|x86.ActiveCfg = Debug|Any CPU
		{08F0E680-EAD6-4698-90C4-111C16620424}.Release|Any CPU.ActiveCfg = Release|Any CPU
		{08F0E680-EAD6-4698-90C4-111C16620424}.Release|Any CPU.Build.0 = Release|Any CPU
		{08F0E680-EAD6-4698-90C4-111C16620424}.Release|Mixed Platforms.ActiveCfg = Release|Any CPU
		{08F0E680-EAD6-4698-90C4-111C16620424}.Release|Mixed Platforms.Build.0 = Release|Any CPU
		{08F0E680-EAD6-4698-90C4-111C16620424}.Release|x86.ActiveCfg = Release|Any CPU
		{3A958280-7EFB-4AC3-AD66-942EC83018EB}.Debug|Any CPU.ActiveCfg = Debug|Any CPU
		{3A958280-7EFB-4AC3-AD66-942EC83018EB}.Debug|Any CPU.Build.0 = Debug|Any CPU
		{3A958280-7EFB-4AC3-AD66-942EC83018EB}.Debug|Mixed Platforms.ActiveCfg = Debug|Any CPU
		{3A958280-7EFB-4AC3-AD66-942EC83018EB}.Debug|Mixed Platforms.Build.0 = Debug|Any CPU
		{3A958280-7EFB-4AC3-AD66-942EC83018EB}.Debug|x86.ActiveCfg = Debug|Any CPU
		{3A958280-7EFB-4AC3-AD66-942EC83018EB}.Release|Any CPU.ActiveCfg = Release|Any CPU
		{3A958280-7EFB-4AC3-AD66-942EC83018EB}.Release|Mixed Platforms.ActiveCfg = Release|Any CPU
		{3A958280-7EFB-4AC3-AD66-942EC83018EB}.Release|Mixed Platforms.Build.0 = Release|Any CPU
		{3A958280-7EFB-4AC3-AD66-942EC83018EB}.Release|x86.ActiveCfg = Release|Any CPU
		{7B58707A-84EC-4E7E-A0FD-946F1E16361E}.Debug|Any CPU.ActiveCfg = Debug|Any CPU
		{7B58707A-84EC-4E7E-A0FD-946F1E16361E}.Debug|Any CPU.Build.0 = Debug|Any CPU
		{7B58707A-84EC-4E7E-A0FD-946F1E16361E}.Debug|Mixed Platforms.ActiveCfg = Debug|Any CPU
		{7B58707A-84EC-4E7E-A0FD-946F1E16361E}.Debug|Mixed Platforms.Build.0 = Debug|Any CPU
		{7B58707A-84EC-4E7E-A0FD-946F1E16361E}.Debug|x86.ActiveCfg = Debug|Any CPU
		{7B58707A-84EC-4E7E-A0FD-946F1E16361E}.Release|Any CPU.ActiveCfg = Release|Any CPU
		{7B58707A-84EC-4E7E-A0FD-946F1E16361E}.Release|Any CPU.Build.0 = Release|Any CPU
		{7B58707A-84EC-4E7E-A0FD-946F1E16361E}.Release|Mixed Platforms.ActiveCfg = Release|Any CPU
		{7B58707A-84EC-4E7E-A0FD-946F1E16361E}.Release|Mixed Platforms.Build.0 = Release|Any CPU
		{7B58707A-84EC-4E7E-A0FD-946F1E16361E}.Release|x86.ActiveCfg = Release|Any CPU
		{F9E6C7B9-2B94-4B34-A212-AE096C4CF4C2}.Debug|Any CPU.ActiveCfg = Debug|Any CPU
		{F9E6C7B9-2B94-4B34-A212-AE096C4CF4C2}.Debug|Any CPU.Build.0 = Debug|Any CPU
		{F9E6C7B9-2B94-4B34-A212-AE096C4CF4C2}.Debug|Mixed Platforms.ActiveCfg = Debug|Any CPU
		{F9E6C7B9-2B94-4B34-A212-AE096C4CF4C2}.Debug|Mixed Platforms.Build.0 = Debug|Any CPU
		{F9E6C7B9-2B94-4B34-A212-AE096C4CF4C2}.Debug|x86.ActiveCfg = Debug|Any CPU
		{F9E6C7B9-2B94-4B34-A212-AE096C4CF4C2}.Release|Any CPU.ActiveCfg = Release|Any CPU
		{F9E6C7B9-2B94-4B34-A212-AE096C4CF4C2}.Release|Mixed Platforms.ActiveCfg = Release|Any CPU
		{F9E6C7B9-2B94-4B34-A212-AE096C4CF4C2}.Release|Mixed Platforms.Build.0 = Release|Any CPU
		{F9E6C7B9-2B94-4B34-A212-AE096C4CF4C2}.Release|x86.ActiveCfg = Release|Any CPU
		{9D30515E-5D3C-4FE5-8AA4-B8352328EF25}.Debug|Any CPU.ActiveCfg = Debug|Any CPU
		{9D30515E-5D3C-4FE5-8AA4-B8352328EF25}.Debug|Any CPU.Build.0 = Debug|Any CPU
		{9D30515E-5D3C-4FE5-8AA4-B8352328EF25}.Debug|Mixed Platforms.ActiveCfg = Debug|Any CPU
		{9D30515E-5D3C-4FE5-8AA4-B8352328EF25}.Debug|Mixed Platforms.Build.0 = Debug|Any CPU
		{9D30515E-5D3C-4FE5-8AA4-B8352328EF25}.Debug|x86.ActiveCfg = Debug|Any CPU
		{9D30515E-5D3C-4FE5-8AA4-B8352328EF25}.Release|Any CPU.ActiveCfg = Release|Any CPU
		{9D30515E-5D3C-4FE5-8AA4-B8352328EF25}.Release|Any CPU.Build.0 = Release|Any CPU
		{9D30515E-5D3C-4FE5-8AA4-B8352328EF25}.Release|Mixed Platforms.ActiveCfg = Release|Any CPU
		{9D30515E-5D3C-4FE5-8AA4-B8352328EF25}.Release|Mixed Platforms.Build.0 = Release|Any CPU
		{9D30515E-5D3C-4FE5-8AA4-B8352328EF25}.Release|x86.ActiveCfg = Release|Any CPU
		{B4C597FF-EF4C-4F33-B2C8-172C1F3E9A56}.Debug|Any CPU.ActiveCfg = Debug|Any CPU
		{B4C597FF-EF4C-4F33-B2C8-172C1F3E9A56}.Debug|Any CPU.Build.0 = Debug|Any CPU
		{B4C597FF-EF4C-4F33-B2C8-172C1F3E9A56}.Debug|Mixed Platforms.ActiveCfg = Debug|Any CPU
		{B4C597FF-EF4C-4F33-B2C8-172C1F3E9A56}.Debug|Mixed Platforms.Build.0 = Debug|Any CPU
		{B4C597FF-EF4C-4F33-B2C8-172C1F3E9A56}.Debug|x86.ActiveCfg = Debug|Any CPU
		{B4C597FF-EF4C-4F33-B2C8-172C1F3E9A56}.Release|Any CPU.ActiveCfg = Release|Any CPU
		{B4C597FF-EF4C-4F33-B2C8-172C1F3E9A56}.Release|Any CPU.Build.0 = Release|Any CPU
		{B4C597FF-EF4C-4F33-B2C8-172C1F3E9A56}.Release|Mixed Platforms.ActiveCfg = Release|Any CPU
		{B4C597FF-EF4C-4F33-B2C8-172C1F3E9A56}.Release|Mixed Platforms.Build.0 = Release|Any CPU
		{B4C597FF-EF4C-4F33-B2C8-172C1F3E9A56}.Release|x86.ActiveCfg = Release|Any CPU
		{4F4206CE-7B94-42B9-947F-C210C9F32F3A}.Debug|Any CPU.ActiveCfg = Debug|Any CPU
		{4F4206CE-7B94-42B9-947F-C210C9F32F3A}.Debug|Any CPU.Build.0 = Debug|Any CPU
		{4F4206CE-7B94-42B9-947F-C210C9F32F3A}.Debug|Mixed Platforms.ActiveCfg = Debug|Any CPU
		{4F4206CE-7B94-42B9-947F-C210C9F32F3A}.Debug|Mixed Platforms.Build.0 = Debug|Any CPU
		{4F4206CE-7B94-42B9-947F-C210C9F32F3A}.Debug|x86.ActiveCfg = Debug|Any CPU
		{4F4206CE-7B94-42B9-947F-C210C9F32F3A}.Release|Any CPU.ActiveCfg = Release|Any CPU
		{4F4206CE-7B94-42B9-947F-C210C9F32F3A}.Release|Any CPU.Build.0 = Release|Any CPU
		{4F4206CE-7B94-42B9-947F-C210C9F32F3A}.Release|Mixed Platforms.ActiveCfg = Release|Any CPU
		{4F4206CE-7B94-42B9-947F-C210C9F32F3A}.Release|Mixed Platforms.Build.0 = Release|Any CPU
		{4F4206CE-7B94-42B9-947F-C210C9F32F3A}.Release|x86.ActiveCfg = Release|Any CPU
		{7DDEA0A9-50EA-4DF6-9608-9EDB8F2B5024}.Debug|Any CPU.ActiveCfg = Debug|Any CPU
		{7DDEA0A9-50EA-4DF6-9608-9EDB8F2B5024}.Debug|Any CPU.Build.0 = Debug|Any CPU
		{7DDEA0A9-50EA-4DF6-9608-9EDB8F2B5024}.Debug|Mixed Platforms.ActiveCfg = Debug|Any CPU
		{7DDEA0A9-50EA-4DF6-9608-9EDB8F2B5024}.Debug|Mixed Platforms.Build.0 = Debug|Any CPU
		{7DDEA0A9-50EA-4DF6-9608-9EDB8F2B5024}.Debug|x86.ActiveCfg = Debug|Any CPU
		{7DDEA0A9-50EA-4DF6-9608-9EDB8F2B5024}.Release|Any CPU.ActiveCfg = Release|Any CPU
		{7DDEA0A9-50EA-4DF6-9608-9EDB8F2B5024}.Release|Any CPU.Build.0 = Release|Any CPU
		{7DDEA0A9-50EA-4DF6-9608-9EDB8F2B5024}.Release|Mixed Platforms.ActiveCfg = Release|Any CPU
		{7DDEA0A9-50EA-4DF6-9608-9EDB8F2B5024}.Release|Mixed Platforms.Build.0 = Release|Any CPU
		{7DDEA0A9-50EA-4DF6-9608-9EDB8F2B5024}.Release|x86.ActiveCfg = Release|Any CPU
		{66D6E700-BBC7-417B-AC78-1343BD0E267A}.Debug|Any CPU.ActiveCfg = Debug|Any CPU
		{66D6E700-BBC7-417B-AC78-1343BD0E267A}.Debug|Any CPU.Build.0 = Debug|Any CPU
		{66D6E700-BBC7-417B-AC78-1343BD0E267A}.Debug|Mixed Platforms.ActiveCfg = Debug|Any CPU
		{66D6E700-BBC7-417B-AC78-1343BD0E267A}.Debug|Mixed Platforms.Build.0 = Debug|Any CPU
		{66D6E700-BBC7-417B-AC78-1343BD0E267A}.Debug|x86.ActiveCfg = Debug|Any CPU
		{66D6E700-BBC7-417B-AC78-1343BD0E267A}.Release|Any CPU.ActiveCfg = Release|Any CPU
		{66D6E700-BBC7-417B-AC78-1343BD0E267A}.Release|Any CPU.Build.0 = Release|Any CPU
		{66D6E700-BBC7-417B-AC78-1343BD0E267A}.Release|Mixed Platforms.ActiveCfg = Release|Any CPU
		{66D6E700-BBC7-417B-AC78-1343BD0E267A}.Release|Mixed Platforms.Build.0 = Release|Any CPU
		{66D6E700-BBC7-417B-AC78-1343BD0E267A}.Release|x86.ActiveCfg = Release|Any CPU
		{54A42682-059D-43B5-8028-60D1E4058371}.Debug|Any CPU.ActiveCfg = Debug|Any CPU
		{54A42682-059D-43B5-8028-60D1E4058371}.Debug|Any CPU.Build.0 = Debug|Any CPU
		{54A42682-059D-43B5-8028-60D1E4058371}.Debug|Mixed Platforms.ActiveCfg = Debug|Any CPU
		{54A42682-059D-43B5-8028-60D1E4058371}.Debug|Mixed Platforms.Build.0 = Debug|Any CPU
		{54A42682-059D-43B5-8028-60D1E4058371}.Debug|x86.ActiveCfg = Debug|Any CPU
		{54A42682-059D-43B5-8028-60D1E4058371}.Release|Any CPU.ActiveCfg = Release|Any CPU
		{54A42682-059D-43B5-8028-60D1E4058371}.Release|Any CPU.Build.0 = Release|Any CPU
		{54A42682-059D-43B5-8028-60D1E4058371}.Release|Mixed Platforms.ActiveCfg = Release|Any CPU
		{54A42682-059D-43B5-8028-60D1E4058371}.Release|Mixed Platforms.Build.0 = Release|Any CPU
		{54A42682-059D-43B5-8028-60D1E4058371}.Release|x86.ActiveCfg = Release|Any CPU
		{8AA0F6D6-0424-43EA-9F46-021E1A374D6A}.Debug|Any CPU.ActiveCfg = Debug|Any CPU
		{8AA0F6D6-0424-43EA-9F46-021E1A374D6A}.Debug|Any CPU.Build.0 = Debug|Any CPU
		{8AA0F6D6-0424-43EA-9F46-021E1A374D6A}.Debug|Mixed Platforms.ActiveCfg = Debug|Any CPU
		{8AA0F6D6-0424-43EA-9F46-021E1A374D6A}.Debug|Mixed Platforms.Build.0 = Debug|Any CPU
		{8AA0F6D6-0424-43EA-9F46-021E1A374D6A}.Debug|x86.ActiveCfg = Debug|Any CPU
		{8AA0F6D6-0424-43EA-9F46-021E1A374D6A}.Release|Any CPU.ActiveCfg = Release|Any CPU
		{8AA0F6D6-0424-43EA-9F46-021E1A374D6A}.Release|Any CPU.Build.0 = Release|Any CPU
		{8AA0F6D6-0424-43EA-9F46-021E1A374D6A}.Release|Mixed Platforms.ActiveCfg = Release|Any CPU
		{8AA0F6D6-0424-43EA-9F46-021E1A374D6A}.Release|Mixed Platforms.Build.0 = Release|Any CPU
		{8AA0F6D6-0424-43EA-9F46-021E1A374D6A}.Release|x86.ActiveCfg = Release|Any CPU
		{0BA282A6-FEA2-44A2-9748-1DE0E4E32018}.Debug|Any CPU.ActiveCfg = Debug|Any CPU
		{0BA282A6-FEA2-44A2-9748-1DE0E4E32018}.Debug|Any CPU.Build.0 = Debug|Any CPU
		{0BA282A6-FEA2-44A2-9748-1DE0E4E32018}.Debug|Mixed Platforms.ActiveCfg = Debug|Any CPU
		{0BA282A6-FEA2-44A2-9748-1DE0E4E32018}.Debug|Mixed Platforms.Build.0 = Debug|Any CPU
		{0BA282A6-FEA2-44A2-9748-1DE0E4E32018}.Debug|x86.ActiveCfg = Debug|Any CPU
		{0BA282A6-FEA2-44A2-9748-1DE0E4E32018}.Release|Any CPU.ActiveCfg = Release|Any CPU
		{0BA282A6-FEA2-44A2-9748-1DE0E4E32018}.Release|Any CPU.Build.0 = Release|Any CPU
		{0BA282A6-FEA2-44A2-9748-1DE0E4E32018}.Release|Mixed Platforms.ActiveCfg = Release|Any CPU
		{0BA282A6-FEA2-44A2-9748-1DE0E4E32018}.Release|Mixed Platforms.Build.0 = Release|Any CPU
		{0BA282A6-FEA2-44A2-9748-1DE0E4E32018}.Release|x86.ActiveCfg = Release|Any CPU
		{EA63A3FD-6A3E-46CA-BA9D-1FDFD362C470}.Debug|Any CPU.ActiveCfg = Debug|Any CPU
		{EA63A3FD-6A3E-46CA-BA9D-1FDFD362C470}.Debug|Any CPU.Build.0 = Debug|Any CPU
		{EA63A3FD-6A3E-46CA-BA9D-1FDFD362C470}.Debug|Mixed Platforms.ActiveCfg = Debug|Any CPU
		{EA63A3FD-6A3E-46CA-BA9D-1FDFD362C470}.Debug|Mixed Platforms.Build.0 = Debug|Any CPU
		{EA63A3FD-6A3E-46CA-BA9D-1FDFD362C470}.Debug|x86.ActiveCfg = Debug|Any CPU
		{EA63A3FD-6A3E-46CA-BA9D-1FDFD362C470}.Release|Any CPU.ActiveCfg = Release|Any CPU
		{EA63A3FD-6A3E-46CA-BA9D-1FDFD362C470}.Release|Any CPU.Build.0 = Release|Any CPU
		{EA63A3FD-6A3E-46CA-BA9D-1FDFD362C470}.Release|Mixed Platforms.ActiveCfg = Release|Any CPU
		{EA63A3FD-6A3E-46CA-BA9D-1FDFD362C470}.Release|Mixed Platforms.Build.0 = Release|Any CPU
		{EA63A3FD-6A3E-46CA-BA9D-1FDFD362C470}.Release|x86.ActiveCfg = Release|Any CPU
		{B72E3778-0B5E-4FF7-9D75-023A9C3457E9}.Debug|Any CPU.ActiveCfg = Debug|Any CPU
		{B72E3778-0B5E-4FF7-9D75-023A9C3457E9}.Debug|Any CPU.Build.0 = Debug|Any CPU
		{B72E3778-0B5E-4FF7-9D75-023A9C3457E9}.Debug|Mixed Platforms.ActiveCfg = Debug|Any CPU
		{B72E3778-0B5E-4FF7-9D75-023A9C3457E9}.Debug|Mixed Platforms.Build.0 = Debug|Any CPU
		{B72E3778-0B5E-4FF7-9D75-023A9C3457E9}.Debug|x86.ActiveCfg = Debug|Any CPU
		{B72E3778-0B5E-4FF7-9D75-023A9C3457E9}.Release|Any CPU.ActiveCfg = Release|Any CPU
		{B72E3778-0B5E-4FF7-9D75-023A9C3457E9}.Release|Any CPU.Build.0 = Release|Any CPU
		{B72E3778-0B5E-4FF7-9D75-023A9C3457E9}.Release|Mixed Platforms.ActiveCfg = Release|Any CPU
		{B72E3778-0B5E-4FF7-9D75-023A9C3457E9}.Release|Mixed Platforms.Build.0 = Release|Any CPU
		{B72E3778-0B5E-4FF7-9D75-023A9C3457E9}.Release|x86.ActiveCfg = Release|Any CPU
	EndGlobalSection
	GlobalSection(SolutionProperties) = preSolution
		HideSolutionNode = FALSE
	EndGlobalSection
EndGlobal
