
Microsoft Visual Studio Solution File, Format Version 11.00
# Visual Studio 2010
Project("{FAE04EC0-301F-11D3-BF4B-00C04F79EFBC}") = "phiNdus.fundus.Core.Web", "phiNdus.fundus.Core.Web\phiNdus.fundus.Core.Web.csproj", "{08F0E680-EAD6-4698-90C4-111C16620424}"
EndProject
Project("{FAE04EC0-301F-11D3-BF4B-00C04F79EFBC}") = "phiNdus.fundus.Core.Business", "phiNdus.fundus.Core.Business\phiNdus.fundus.Core.Business.csproj", "{97AA64DB-12BF-4AF3-B732-97DE1A9919B1}"
EndProject
Project("{FAE04EC0-301F-11D3-BF4B-00C04F79EFBC}") = "phiNdus.fundus.Core.Domain", "phiNdus.fundus.Core.Domain\phiNdus.fundus.Core.Domain.csproj", "{00B767FE-A820-43B2-A494-B70732B09CF8}"
EndProject
Project("{FAE04EC0-301F-11D3-BF4B-00C04F79EFBC}") = "phiNdus.fundus.Core.Environment", "phiNdus.fundus.Core.Environment\phiNdus.fundus.Core.Environment.csproj", "{F835AF8D-7DAD-4CAA-9889-7C9EC89EA84C}"
EndProject
Project("{2150E333-8FDC-42A3-9474-1A3956D46DE8}") = "01 Presentation", "01 Presentation", "{D1924B2C-E00A-4D8C-90C2-DC9E1623F952}"
EndProject
Project("{2150E333-8FDC-42A3-9474-1A3956D46DE8}") = "02 Application", "02 Application", "{05589C1D-B660-4370-8B94-255E90B68A03}"
EndProject
Project("{2150E333-8FDC-42A3-9474-1A3956D46DE8}") = "03 Domain", "03 Domain", "{09182C88-14FE-4BDB-8E24-A99AEE792D8A}"
EndProject
Project("{2150E333-8FDC-42A3-9474-1A3956D46DE8}") = "04 Infrastructure", "04 Infrastructure", "{F39A044C-3EDF-421F-9507-D0703AC27908}"
EndProject
Project("{FAE04EC0-301F-11D3-BF4B-00C04F79EFBC}") = "phiNdus.fundus.Core.Business.UnitTests", "phiNdus.fundus.Core.Business.UnitTests\phiNdus.fundus.Core.Business.UnitTests.csproj", "{C3A49666-132D-497C-A135-E4C2E87FA01B}"
EndProject
Project("{FAE04EC0-301F-11D3-BF4B-00C04F79EFBC}") = "phiNdus.fundus.Core.Web.UnitTests", "phiNdus.fundus.Core.Web.UnitTests\phiNdus.fundus.Core.Web.UnitTests.csproj", "{3A958280-7EFB-4AC3-AD66-942EC83018EB}"
EndProject
Project("{FAE04EC0-301F-11D3-BF4B-00C04F79EFBC}") = "phiNdus.fundus.Core.Domain.UnitTests", "phiNdus.fundus.Core.Domain.UnitTests\phiNdus.fundus.Core.Domain.UnitTests.csproj", "{43DB8619-4C9E-4806-AE5A-CA63E0301BF5}"
EndProject
Project("{FAE04EC0-301F-11D3-BF4B-00C04F79EFBC}") = "phiNdus.fundus.Core.Environment.UnitTests", "phiNdus.fundus.Core.Environment.UnitTests\phiNdus.fundus.Core.Environment.UnitTests.csproj", "{8E33A5D8-E194-4CAA-8992-6E36C0425A7C}"
EndProject
Global
	GlobalSection(SolutionConfigurationPlatforms) = preSolution
		Debug|Any CPU = Debug|Any CPU
		Release|Any CPU = Release|Any CPU
	EndGlobalSection
	GlobalSection(ProjectConfigurationPlatforms) = postSolution
		{08F0E680-EAD6-4698-90C4-111C16620424}.Debug|Any CPU.ActiveCfg = Debug|Any CPU
		{08F0E680-EAD6-4698-90C4-111C16620424}.Debug|Any CPU.Build.0 = Debug|Any CPU
		{08F0E680-EAD6-4698-90C4-111C16620424}.Release|Any CPU.ActiveCfg = Release|Any CPU
		{08F0E680-EAD6-4698-90C4-111C16620424}.Release|Any CPU.Build.0 = Release|Any CPU
		{97AA64DB-12BF-4AF3-B732-97DE1A9919B1}.Debug|Any CPU.ActiveCfg = Debug|Any CPU
		{97AA64DB-12BF-4AF3-B732-97DE1A9919B1}.Debug|Any CPU.Build.0 = Debug|Any CPU
		{97AA64DB-12BF-4AF3-B732-97DE1A9919B1}.Release|Any CPU.ActiveCfg = Release|Any CPU
		{97AA64DB-12BF-4AF3-B732-97DE1A9919B1}.Release|Any CPU.Build.0 = Release|Any CPU
		{00B767FE-A820-43B2-A494-B70732B09CF8}.Debug|Any CPU.ActiveCfg = Debug|Any CPU
		{00B767FE-A820-43B2-A494-B70732B09CF8}.Debug|Any CPU.Build.0 = Debug|Any CPU
		{00B767FE-A820-43B2-A494-B70732B09CF8}.Release|Any CPU.ActiveCfg = Release|Any CPU
		{00B767FE-A820-43B2-A494-B70732B09CF8}.Release|Any CPU.Build.0 = Release|Any CPU
		{F835AF8D-7DAD-4CAA-9889-7C9EC89EA84C}.Debug|Any CPU.ActiveCfg = Debug|Any CPU
		{F835AF8D-7DAD-4CAA-9889-7C9EC89EA84C}.Debug|Any CPU.Build.0 = Debug|Any CPU
		{F835AF8D-7DAD-4CAA-9889-7C9EC89EA84C}.Release|Any CPU.ActiveCfg = Release|Any CPU
		{F835AF8D-7DAD-4CAA-9889-7C9EC89EA84C}.Release|Any CPU.Build.0 = Release|Any CPU
		{C3A49666-132D-497C-A135-E4C2E87FA01B}.Debug|Any CPU.ActiveCfg = Debug|Any CPU
		{C3A49666-132D-497C-A135-E4C2E87FA01B}.Debug|Any CPU.Build.0 = Debug|Any CPU
		{C3A49666-132D-497C-A135-E4C2E87FA01B}.Release|Any CPU.ActiveCfg = Release|Any CPU
		{C3A49666-132D-497C-A135-E4C2E87FA01B}.Release|Any CPU.Build.0 = Release|Any CPU
		{3A958280-7EFB-4AC3-AD66-942EC83018EB}.Debug|Any CPU.ActiveCfg = Debug|Any CPU
		{3A958280-7EFB-4AC3-AD66-942EC83018EB}.Debug|Any CPU.Build.0 = Debug|Any CPU
		{3A958280-7EFB-4AC3-AD66-942EC83018EB}.Release|Any CPU.ActiveCfg = Release|Any CPU
		{3A958280-7EFB-4AC3-AD66-942EC83018EB}.Release|Any CPU.Build.0 = Release|Any CPU
		{43DB8619-4C9E-4806-AE5A-CA63E0301BF5}.Debug|Any CPU.ActiveCfg = Debug|Any CPU
		{43DB8619-4C9E-4806-AE5A-CA63E0301BF5}.Debug|Any CPU.Build.0 = Debug|Any CPU
		{43DB8619-4C9E-4806-AE5A-CA63E0301BF5}.Release|Any CPU.ActiveCfg = Release|Any CPU
		{43DB8619-4C9E-4806-AE5A-CA63E0301BF5}.Release|Any CPU.Build.0 = Release|Any CPU
		{8E33A5D8-E194-4CAA-8992-6E36C0425A7C}.Debug|Any CPU.ActiveCfg = Debug|Any CPU
		{8E33A5D8-E194-4CAA-8992-6E36C0425A7C}.Debug|Any CPU.Build.0 = Debug|Any CPU
		{8E33A5D8-E194-4CAA-8992-6E36C0425A7C}.Release|Any CPU.ActiveCfg = Release|Any CPU
		{8E33A5D8-E194-4CAA-8992-6E36C0425A7C}.Release|Any CPU.Build.0 = Release|Any CPU
	EndGlobalSection
	GlobalSection(SolutionProperties) = preSolution
		HideSolutionNode = FALSE
	EndGlobalSection
	GlobalSection(NestedProjects) = preSolution
		{08F0E680-EAD6-4698-90C4-111C16620424} = {D1924B2C-E00A-4D8C-90C2-DC9E1623F952}
		{3A958280-7EFB-4AC3-AD66-942EC83018EB} = {D1924B2C-E00A-4D8C-90C2-DC9E1623F952}
		{97AA64DB-12BF-4AF3-B732-97DE1A9919B1} = {05589C1D-B660-4370-8B94-255E90B68A03}
		{C3A49666-132D-497C-A135-E4C2E87FA01B} = {05589C1D-B660-4370-8B94-255E90B68A03}
		{00B767FE-A820-43B2-A494-B70732B09CF8} = {09182C88-14FE-4BDB-8E24-A99AEE792D8A}
		{43DB8619-4C9E-4806-AE5A-CA63E0301BF5} = {09182C88-14FE-4BDB-8E24-A99AEE792D8A}
		{F835AF8D-7DAD-4CAA-9889-7C9EC89EA84C} = {F39A044C-3EDF-421F-9507-D0703AC27908}
		{8E33A5D8-E194-4CAA-8992-6E36C0425A7C} = {F39A044C-3EDF-421F-9507-D0703AC27908}
	EndGlobalSection
EndGlobal
